// !$*UTF8*$!
{
	archiveVersion = 1;
	classes = {
	};
	objectVersion = 46;
	objects = {

/* Begin PBXBuildFile section */
		36012A3513D5AAD600124E4A /* TentacleShader.vert in Resources */ = {isa = PBXBuildFile; fileRef = 36012A3413D5AAD600124E4A /* TentacleShader.vert */; };
		36012A3713D5AAE000124E4A /* TentacleShader.frag in Resources */ = {isa = PBXBuildFile; fileRef = 36012A3613D5AAE000124E4A /* TentacleShader.frag */; };
		3604C84513C5D7F0006E154C /* GameLevel.cpp in Sources */ = {isa = PBXBuildFile; fileRef = 3604C84413C5D7F0006E154C /* GameLevel.cpp */; };
		3604C85613C5E006006E154C /* Common.cpp in Sources */ = {isa = PBXBuildFile; fileRef = 3604C84813C5E006006E154C /* Common.cpp */; };
		3604C85713C5E006006E154C /* GameObject.cpp in Sources */ = {isa = PBXBuildFile; fileRef = 3604C84B13C5E006006E154C /* GameObject.cpp */; };
		3604C85813C5E006006E154C /* InputDispatcher.cpp in Sources */ = {isa = PBXBuildFile; fileRef = 3604C84D13C5E006006E154C /* InputDispatcher.cpp */; };
		3604C85913C5E006006E154C /* Level.cpp in Sources */ = {isa = PBXBuildFile; fileRef = 3604C84F13C5E006006E154C /* Level.cpp */; };
		3604C85A13C5E006006E154C /* Scenario.cpp in Sources */ = {isa = PBXBuildFile; fileRef = 3604C85213C5E006006E154C /* Scenario.cpp */; };
		3604C85B13C5E006006E154C /* Viewport.cpp in Sources */ = {isa = PBXBuildFile; fileRef = 3604C85413C5E006006E154C /* Viewport.cpp */; };
		3604C85E13C5E080006E154C /* Game.cpp in Sources */ = {isa = PBXBuildFile; fileRef = 3604C85C13C5E080006E154C /* Game.cpp */; };
		360542231444D18D00438EF3 /* Player.cpp in Sources */ = {isa = PBXBuildFile; fileRef = 360542211444D18D00438EF3 /* Player.cpp */; };
		36204FEE13C71E520032FF7B /* Background.cpp in Sources */ = {isa = PBXBuildFile; fileRef = 36204FEC13C71E520032FF7B /* Background.cpp */; };
		36204FF913C87E1A0032FF7B /* BackgroundShader.vert in Resources */ = {isa = PBXBuildFile; fileRef = 36204FF513C87B450032FF7B /* BackgroundShader.vert */; };
		3620500213C8A07C0032FF7B /* IslandShader.vert in Resources */ = {isa = PBXBuildFile; fileRef = 3620500113C8A07C0032FF7B /* IslandShader.vert */; };
		3620500413C8A0870032FF7B /* IslandShader.frag in Resources */ = {isa = PBXBuildFile; fileRef = 3620500313C8A0870032FF7B /* IslandShader.frag */; };
		363544DE13DEE37A00BC08ED /* MiasmaParticleShader.frag in Resources */ = {isa = PBXBuildFile; fileRef = 363544DC13DEE37A00BC08ED /* MiasmaParticleShader.frag */; };
		363544DF13DEE37A00BC08ED /* MiasmaParticleShader.vert in Resources */ = {isa = PBXBuildFile; fileRef = 363544DD13DEE37A00BC08ED /* MiasmaParticleShader.vert */; };
		3646F3C513D6EC30006BB47B /* ParticleSystem.cpp in Sources */ = {isa = PBXBuildFile; fileRef = 3646F3C313D6EC30006BB47B /* ParticleSystem.cpp */; };
		3646F3C713D6F7C8006BB47B /* ParticleShader.vert in Resources */ = {isa = PBXBuildFile; fileRef = 3646F3C613D6F7C8006BB47B /* ParticleShader.vert */; };
		3646F3C913D6F7D2006BB47B /* ParticleShader.frag in Resources */ = {isa = PBXBuildFile; fileRef = 3646F3C813D6F7D2006BB47B /* ParticleShader.frag */; };
		364A8E941431F6CA003861E5 /* Terrain_cutting.cpp in Sources */ = {isa = PBXBuildFile; fileRef = 364A8E921431F6CA003861E5 /* Terrain_cutting.cpp */; };
		366195DA15546822001A3C82 /* PowerPlatform.cpp in Sources */ = {isa = PBXBuildFile; fileRef = 366195D915546822001A3C82 /* PowerPlatform.cpp */; };
		36628D88140D06FC00DF1E40 /* Terrain_perimeterGreebling.cpp in Sources */ = {isa = PBXBuildFile; fileRef = 36628D86140D06FC00DF1E40 /* Terrain_perimeterGreebling.cpp */; };
		3673B7891447011200866813 /* CuttingBeamShader.frag in Resources */ = {isa = PBXBuildFile; fileRef = 3673B7871447011200866813 /* CuttingBeamShader.frag */; };
		3673B78A1447011200866813 /* CuttingBeamShader.vert in Resources */ = {isa = PBXBuildFile; fileRef = 3673B7881447011200866813 /* CuttingBeamShader.vert */; };
		3684605D140519AD00724774 /* Stopwatch.cpp in Sources */ = {isa = PBXBuildFile; fileRef = 3684605C140519AD00724774 /* Stopwatch.cpp */; };
		369173491407C2C500299218 /* CollisionDispatcher.cpp in Sources */ = {isa = PBXBuildFile; fileRef = 369173481407C2C500299218 /* CollisionDispatcher.cpp */; };
		36C4AB111526567F0044CF91 /* FilterPassthrough.frag in Resources */ = {isa = PBXBuildFile; fileRef = 36C4AB101526567F0044CF91 /* FilterPassthrough.frag */; };
		36F640B0143B284300553B0B /* Terrain_triangulation.cpp in Sources */ = {isa = PBXBuildFile; fileRef = 36F640AE143B284300553B0B /* Terrain_triangulation.cpp */; };
		63007758158B51D000D12FD8 /* PowerCell.cpp in Sources */ = {isa = PBXBuildFile; fileRef = 63007757158B51D000D12FD8 /* PowerCell.cpp */; };
		630217F215209D990082BA6B /* UIStack.cpp in Sources */ = {isa = PBXBuildFile; fileRef = 630217F015209D990082BA6B /* UIStack.cpp */; };
		630217F51520F2EC0082BA6B /* PlayerHud.cpp in Sources */ = {isa = PBXBuildFile; fileRef = 630217F41520F2EC0082BA6B /* PlayerHud.cpp */; };
		630217FD152329480082BA6B /* UIPlaygroundScenario.cpp in Sources */ = {isa = PBXBuildFile; fileRef = 630217FC152329480082BA6B /* UIPlaygroundScenario.cpp */; };
		63052D40137D4C1F006B88E7 /* Terrain_perimeter.cpp in Sources */ = {isa = PBXBuildFile; fileRef = 63052D39137D4C1F006B88E7 /* Terrain_perimeter.cpp */; };
		63052D41137D4C1F006B88E7 /* Terrain.cpp in Sources */ = {isa = PBXBuildFile; fileRef = 63052D3A137D4C1F006B88E7 /* Terrain.cpp */; };
		63052D42137D4C1F006B88E7 /* TerrainRendering.cpp in Sources */ = {isa = PBXBuildFile; fileRef = 63052D3C137D4C1F006B88E7 /* TerrainRendering.cpp */; };
		630BD6F11490E1B500C53F30 /* DrawDispatcher.cpp in Sources */ = {isa = PBXBuildFile; fileRef = 630BD6F01490E1B500C53F30 /* DrawDispatcher.cpp */; };
		630BD6F41493924400C53F30 /* Urchin.cpp in Sources */ = {isa = PBXBuildFile; fileRef = 630BD6F31493924400C53F30 /* Urchin.cpp */; };
		630BD6F71493A48D00C53F30 /* ShubNiggurath.cpp in Sources */ = {isa = PBXBuildFile; fileRef = 630BD6F61493A48C00C53F30 /* ShubNiggurath.cpp */; };
		6310DEEC158A0D3200A46D9F /* GameConstants.cpp in Sources */ = {isa = PBXBuildFile; fileRef = 6310DEEB158A0D3200A46D9F /* GameConstants.cpp */; };
		632CA317151369D400989918 /* Flicker.cpp in Sources */ = {isa = PBXBuildFile; fileRef = 632CA316151369D400989918 /* Flicker.cpp */; };
		6330036214E2A0F500146D07 /* CuttingBeam.cpp in Sources */ = {isa = PBXBuildFile; fileRef = 6330036114E2A0F500146D07 /* CuttingBeam.cpp */; };
		6330036514E2A87800146D07 /* MagnetoBeam.cpp in Sources */ = {isa = PBXBuildFile; fileRef = 6330036414E2A87700146D07 /* MagnetoBeam.cpp */; };
		633C2257150A295A00C966B2 /* ColorAdjustmentFilter.frag in Resources */ = {isa = PBXBuildFile; fileRef = 633C224B150A290C00C966B2 /* ColorAdjustmentFilter.frag */; };
		633C2258150A295A00C966B2 /* FilterPassthrough.vert in Resources */ = {isa = PBXBuildFile; fileRef = 633C224C150A290D00C966B2 /* FilterPassthrough.vert */; };
		633C2259150A295A00C966B2 /* GaussianBlurFilter_Horizontal.frag in Resources */ = {isa = PBXBuildFile; fileRef = 633C2251150A290D00C966B2 /* GaussianBlurFilter_Horizontal.frag */; };
		633C225A150A295A00C966B2 /* GaussianBlurFilter_Vertical.frag in Resources */ = {isa = PBXBuildFile; fileRef = 633C2252150A290D00C966B2 /* GaussianBlurFilter_Vertical.frag */; };
		633C225B150A295A00C966B2 /* GradientMapFilter.frag in Resources */ = {isa = PBXBuildFile; fileRef = 633C2253150A290D00C966B2 /* GradientMapFilter.frag */; };
		633C225C150A295A00C966B2 /* NoiseFilter.frag in Resources */ = {isa = PBXBuildFile; fileRef = 633C2254150A290D00C966B2 /* NoiseFilter.frag */; };
		633C225D150A295A00C966B2 /* PalettizingFilter_RGB.frag in Resources */ = {isa = PBXBuildFile; fileRef = 633C2255150A290E00C966B2 /* PalettizingFilter_RGB.frag */; };
		633C225E150A295A00C966B2 /* PalettizingFilter_YUV.frag in Resources */ = {isa = PBXBuildFile; fileRef = 633C2256150A290E00C966B2 /* PalettizingFilter_YUV.frag */; };
		633C225F150A2DC300C966B2 /* Filters.cpp in Sources */ = {isa = PBXBuildFile; fileRef = 633C224D150A290D00C966B2 /* Filters.cpp */; };
		633C2260150A2DC300C966B2 /* FilterStack.cpp in Sources */ = {isa = PBXBuildFile; fileRef = 633C224F150A290D00C966B2 /* FilterStack.cpp */; };
		633D6D6015875A4D0031CC0A /* LevelLoadingScenario.cpp in Sources */ = {isa = PBXBuildFile; fileRef = 633D6D5F15875A4D0031CC0A /* LevelLoadingScenario.cpp */; };
		63413DBC1518A306009E763C /* InputDispatcher.mm in Sources */ = {isa = PBXBuildFile; fileRef = 63413DBB1518A306009E763C /* InputDispatcher.mm */; };
		6348539E161DB21E0063F2B8 /* Actions.cpp in Sources */ = {isa = PBXBuildFile; fileRef = 6348539C161DB21E0063F2B8 /* Actions.cpp */; };
		634A49DF14BDB9E6001AAF0B /* Barnacle.cpp in Sources */ = {isa = PBXBuildFile; fileRef = 634A49DE14BDB9E6001AAF0B /* Barnacle.cpp */; };
		634A49EB14BDDA33001AAF0B /* ChipmunkDebugDraw.cpp in Sources */ = {isa = PBXBuildFile; fileRef = 634A49EA14BDDA33001AAF0B /* ChipmunkDebugDraw.cpp */; };
		634E2C81154EB1F2000D3B61 /* ChipmunkHelpers.cpp in Sources */ = {isa = PBXBuildFile; fileRef = 634E2C80154EB1F2000D3B61 /* ChipmunkHelpers.cpp */; };
		634F267E137C071C002A412F /* Cocoa.framework in Frameworks */ = {isa = PBXBuildFile; fileRef = 634F267D137C071C002A412F /* Cocoa.framework */; };
		634F26A3137C097F002A412F /* Accelerate.framework in Frameworks */ = {isa = PBXBuildFile; fileRef = 634F269A137C097F002A412F /* Accelerate.framework */; };
		634F26A4137C097F002A412F /* AudioToolbox.framework in Frameworks */ = {isa = PBXBuildFile; fileRef = 634F269B137C097F002A412F /* AudioToolbox.framework */; };
		634F26A5137C097F002A412F /* AudioUnit.framework in Frameworks */ = {isa = PBXBuildFile; fileRef = 634F269C137C097F002A412F /* AudioUnit.framework */; };
		634F26A6137C097F002A412F /* Carbon.framework in Frameworks */ = {isa = PBXBuildFile; fileRef = 634F269D137C097F002A412F /* Carbon.framework */; };
		634F26A7137C097F002A412F /* CoreAudio.framework in Frameworks */ = {isa = PBXBuildFile; fileRef = 634F269E137C097F002A412F /* CoreAudio.framework */; };
		634F26A8137C097F002A412F /* CoreVideo.framework in Frameworks */ = {isa = PBXBuildFile; fileRef = 634F269F137C097F002A412F /* CoreVideo.framework */; };
		634F26A9137C097F002A412F /* OpenGL.framework in Frameworks */ = {isa = PBXBuildFile; fileRef = 634F26A0137C097F002A412F /* OpenGL.framework */; };
		634F26AA137C097F002A412F /* QTKit.framework in Frameworks */ = {isa = PBXBuildFile; fileRef = 634F26A1137C097F002A412F /* QTKit.framework */; };
		634F26AB137C097F002A412F /* QuickTime.framework in Frameworks */ = {isa = PBXBuildFile; fileRef = 634F26A2137C097F002A412F /* QuickTime.framework */; };
		634F8FFF14D490B200791C12 /* Grub.cpp in Sources */ = {isa = PBXBuildFile; fileRef = 634F8FFE14D490B200791C12 /* Grub.cpp */; };
		634F900114D58EB000791C12 /* GrubShader.vert in Resources */ = {isa = PBXBuildFile; fileRef = 634F900014D58EB000791C12 /* GrubShader.vert */; };
		634F900314D58EBB00791C12 /* GrubShader.frag in Resources */ = {isa = PBXBuildFile; fileRef = 634F900214D58EBB00791C12 /* GrubShader.frag */; };
		6350990A147C61CC00DCB5D7 /* Fluid.cpp in Sources */ = {isa = PBXBuildFile; fileRef = 63509909147C61CB00DCB5D7 /* Fluid.cpp */; };
		6350990E147C7AB800DCB5D7 /* FluidParticleShader.vert in Resources */ = {isa = PBXBuildFile; fileRef = 6350990D147C7AB800DCB5D7 /* FluidParticleShader.vert */; };
		63509910147C7AC500DCB5D7 /* FluidParticleShader.frag in Resources */ = {isa = PBXBuildFile; fileRef = 6350990F147C7AC500DCB5D7 /* FluidParticleShader.frag */; };
		6351F0D9137EDA6200814354 /* CuttingTestScenario.cpp in Sources */ = {isa = PBXBuildFile; fileRef = 6351F0D7137EDA6200814354 /* CuttingTestScenario.cpp */; };
		63587A561524762400C2CCA5 /* Notification.cpp in Sources */ = {isa = PBXBuildFile; fileRef = 63587A551524762400C2CCA5 /* Notification.cpp */; };
		6359E46A1548229E00076E75 /* PalettizingFilter_HSL.frag in Resources */ = {isa = PBXBuildFile; fileRef = 6359E4691548229E00076E75 /* PalettizingFilter_HSL.frag */; };
		635B0D1B1559454F00A1E935 /* Sensor.cpp in Sources */ = {isa = PBXBuildFile; fileRef = 635B0D1A1559454F00A1E935 /* Sensor.cpp */; };
		635B0D1E155C1B4800A1E935 /* SensorTestScenario.cpp in Sources */ = {isa = PBXBuildFile; fileRef = 635B0D1D155C1B4800A1E935 /* SensorTestScenario.cpp */; };
		6363462F14CF28D20013BEA1 /* MotileFluid.cpp in Sources */ = {isa = PBXBuildFile; fileRef = 6363462E14CF28D20013BEA1 /* MotileFluid.cpp */; };
		63751C4F14B5D20900E8A183 /* BackgroundShader1.frag in Resources */ = {isa = PBXBuildFile; fileRef = 63751C4E14B5D20900E8A183 /* BackgroundShader1.frag */; };
		63751C5214B5D21600E8A183 /* BackgroundShader2.frag in Resources */ = {isa = PBXBuildFile; fileRef = 63751C5114B5D21500E8A183 /* BackgroundShader2.frag */; };
		63751C5414B5D22400E8A183 /* BackgroundShader3.frag in Resources */ = {isa = PBXBuildFile; fileRef = 63751C5314B5D22400E8A183 /* BackgroundShader3.frag */; };
		637782F115DBC01900554555 /* FluidCompositor_Background.frag in Resources */ = {isa = PBXBuildFile; fileRef = 637782F015DBC01900554555 /* FluidCompositor_Background.frag */; };
		637782F315DBCB1E00554555 /* FluidCompositor_ToneMapAndBackground.frag in Resources */ = {isa = PBXBuildFile; fileRef = 637782F215DBCB1E00554555 /* FluidCompositor_ToneMapAndBackground.frag */; };
		6377FF4D147C812E00AC9AFC /* FluidCompositor.vert in Resources */ = {isa = PBXBuildFile; fileRef = 6377FF4C147C812E00AC9AFC /* FluidCompositor.vert */; };
		6377FF50147C813D00AC9AFC /* FluidCompositor_ToneMap.frag in Resources */ = {isa = PBXBuildFile; fileRef = 6377FF4F147C813D00AC9AFC /* FluidCompositor_ToneMap.frag */; };
		638642F4137C0A13005B485B /* main.cpp in Sources */ = {isa = PBXBuildFile; fileRef = 638642F2137C0A13005B485B /* main.cpp */; };
		638A040714F519B900E53884 /* PerlinNoise.cpp in Sources */ = {isa = PBXBuildFile; fileRef = 638A040514F519B900E53884 /* PerlinNoise.cpp */; };
		638A040914F664B300E53884 /* MagnetoBeamShader.vert in Resources */ = {isa = PBXBuildFile; fileRef = 638A040814F664B300E53884 /* MagnetoBeamShader.vert */; };
		638A040B14F664C800E53884 /* MagnetoBeamShader.frag in Resources */ = {isa = PBXBuildFile; fileRef = 638A040A14F664C800E53884 /* MagnetoBeamShader.frag */; };
		638EF3FB15515D0D00C5E8E0 /* GameBehaviors.cpp in Sources */ = {isa = PBXBuildFile; fileRef = 638EF3FA15515D0D00C5E8E0 /* GameBehaviors.cpp */; };
		6390E8A814816E7C00ECDD87 /* ResourceManager.mm in Sources */ = {isa = PBXBuildFile; fileRef = 6390E8A714816E7C00ECDD87 /* ResourceManager.mm */; };
		6390E8AA1482C1FA00ECDD87 /* GreebleShader.vert in Resources */ = {isa = PBXBuildFile; fileRef = 6390E8A91482C1FA00ECDD87 /* GreebleShader.vert */; };
		6390E8AC1482C20400ECDD87 /* GreebleShader.frag in Resources */ = {isa = PBXBuildFile; fileRef = 6390E8AB1482C20400ECDD87 /* GreebleShader.frag */; };
		6392B8D0157A65EC00DC22B2 /* Centipede.cpp in Sources */ = {isa = PBXBuildFile; fileRef = 6392B8CF157A65EB00DC22B2 /* Centipede.cpp */; };
		6392B8D3157A68DC00DC22B2 /* CentipedeShader.vert in Resources */ = {isa = PBXBuildFile; fileRef = 6392B8D1157A689900DC22B2 /* CentipedeShader.vert */; };
		6392B8D4157A68E000DC22B2 /* CentipedeShader.frag in Resources */ = {isa = PBXBuildFile; fileRef = 6392B8D2157A68A900DC22B2 /* CentipedeShader.frag */; };
		6392B8DF157F6F7000DC22B2 /* Fronds.cpp in Sources */ = {isa = PBXBuildFile; fileRef = 6392B8DE157F6F6F00DC22B2 /* Fronds.cpp */; };
		639C92C4156AEFA200CF349C /* Classloader.cpp in Sources */ = {isa = PBXBuildFile; fileRef = 639C92C3156AEFA200CF349C /* Classloader.cpp */; };
		639C92C7156C0F6200CF349C /* JsonUtils.cpp in Sources */ = {isa = PBXBuildFile; fileRef = 639C92C6156C0F6200CF349C /* JsonUtils.cpp */; };
		639F04E4146D4EDD0026D900 /* Components.cpp in Sources */ = {isa = PBXBuildFile; fileRef = 639F04E3146D4EDD0026D900 /* Components.cpp */; };
		639F5A48147E7FC500154576 /* Weapon.cpp in Sources */ = {isa = PBXBuildFile; fileRef = 639F5A47147E7FC500154576 /* Weapon.cpp */; };
		639F5A4B14801DC800154576 /* GameComponents.cpp in Sources */ = {isa = PBXBuildFile; fileRef = 639F5A4A14801DC800154576 /* GameComponents.cpp */; };
		639F5A4E148022ED00154576 /* Monster.cpp in Sources */ = {isa = PBXBuildFile; fileRef = 639F5A4D148022ED00154576 /* Monster.cpp */; };
		63A3786A15682A720093AF09 /* GameAction.cpp in Sources */ = {isa = PBXBuildFile; fileRef = 63A3786915682A720093AF09 /* GameAction.cpp */; };
		63AD6C471549C90C00A3E4D2 /* ViewportController.cpp in Sources */ = {isa = PBXBuildFile; fileRef = 63AD6C451549C90C00A3E4D2 /* ViewportController.cpp */; };
		63AD6C4E1549C99300A3E4D2 /* Mirror.cpp in Sources */ = {isa = PBXBuildFile; fileRef = 63AD6C481549C99300A3E4D2 /* Mirror.cpp */; };
		63AD6C4F1549C99300A3E4D2 /* MirrorRotationOverlayShader.frag in Resources */ = {isa = PBXBuildFile; fileRef = 63AD6C4A1549C99300A3E4D2 /* MirrorRotationOverlayShader.frag */; };
		63AD6C501549C99300A3E4D2 /* MirrorRotationOverlayShader.vert in Resources */ = {isa = PBXBuildFile; fileRef = 63AD6C4B1549C99300A3E4D2 /* MirrorRotationOverlayShader.vert */; };
		63AD6C511549C99300A3E4D2 /* PowerUp.cpp in Sources */ = {isa = PBXBuildFile; fileRef = 63AD6C4C1549C99300A3E4D2 /* PowerUp.cpp */; };
		63B00BF514AD044A002317DC /* Shoggoth.cpp in Sources */ = {isa = PBXBuildFile; fileRef = 63B00BF414AD044A002317DC /* Shoggoth.cpp */; };
		63B09A13148DB0F100433932 /* SvgPassthroughShader.vert in Resources */ = {isa = PBXBuildFile; fileRef = 63B09A12148DB0F100433932 /* SvgPassthroughShader.vert */; };
		63B09A16148DB10000433932 /* SvgPassthroughShader.frag in Resources */ = {isa = PBXBuildFile; fileRef = 63B09A15148DB10000433932 /* SvgPassthroughShader.frag */; };
		63B37F28162A039700BAAB39 /* RichText.mm in Sources */ = {isa = PBXBuildFile; fileRef = 63B37F25162A039700BAAB39 /* RichText.mm */; };
		63B37F29162A039700BAAB39 /* WebkitRenderer_Impl.mm in Sources */ = {isa = PBXBuildFile; fileRef = 63B37F27162A039700BAAB39 /* WebkitRenderer_Impl.mm */; };
		63B37F2B162A04DC00BAAB39 /* WebKit.framework in Frameworks */ = {isa = PBXBuildFile; fileRef = 63B37F2A162A04DC00BAAB39 /* WebKit.framework */; };
		63B61C501495234B006A2836 /* GreebleMaskShader.vert in Resources */ = {isa = PBXBuildFile; fileRef = 63B61C4F1495234B006A2836 /* GreebleMaskShader.vert */; };
		63B61C5314952357006A2836 /* GreebleMaskShader.frag in Resources */ = {isa = PBXBuildFile; fileRef = 63B61C5214952357006A2836 /* GreebleMaskShader.frag */; };
		63B8CD13153456C800658DCA /* DamagedMonitorFilter.frag in Resources */ = {isa = PBXBuildFile; fileRef = 63B8CD12153456C800658DCA /* DamagedMonitorFilter.frag */; };
		63B8CD191535ABFF00658DCA /* PlayerSvgAnimator.cpp in Sources */ = {isa = PBXBuildFile; fileRef = 63B8CD181535ABFE00658DCA /* PlayerSvgAnimator.cpp */; };
		63B8CD1B1536F80100658DCA /* GameScenario.cpp in Sources */ = {isa = PBXBuildFile; fileRef = 63B8CD1A1536F80100658DCA /* GameScenario.cpp */; };
		63BBB9D614D02FA400B0AA76 /* YogSothoth.cpp in Sources */ = {isa = PBXBuildFile; fileRef = 63BBB9D514D02FA400B0AA76 /* YogSothoth.cpp */; };
		63BBB9D914D0351900B0AA76 /* MotileFluidMonster.cpp in Sources */ = {isa = PBXBuildFile; fileRef = 63BBB9D814D0351900B0AA76 /* MotileFluidMonster.cpp */; };
		63BBFEBE154021F700E5DAB3 /* PlayerPhysics.cpp in Sources */ = {isa = PBXBuildFile; fileRef = 63BBFEBD154021F700E5DAB3 /* PlayerPhysics.cpp */; };
		63C20F0A15AEEB76000A8C3B /* Tongue.cpp in Sources */ = {isa = PBXBuildFile; fileRef = 63C20F0915AEEB76000A8C3B /* Tongue.cpp */; };
		63C71424153302C3003F0EA5 /* RotaryDialIconShader.vert in Resources */ = {isa = PBXBuildFile; fileRef = 63C71423153302C3003F0EA5 /* RotaryDialIconShader.vert */; };
		63C71426153302CF003F0EA5 /* RotaryDialIconShader.frag in Resources */ = {isa = PBXBuildFile; fileRef = 63C71425153302CF003F0EA5 /* RotaryDialIconShader.frag */; };
		63C7142815330960003F0EA5 /* RotaryDialRingShader.vert in Resources */ = {isa = PBXBuildFile; fileRef = 63C7142715330960003F0EA5 /* RotaryDialRingShader.vert */; };
		63C7142A1533096E003F0EA5 /* RotaryDialRingShader.frag in Resources */ = {isa = PBXBuildFile; fileRef = 63C714291533096E003F0EA5 /* RotaryDialRingShader.frag */; };
		63CFA082148CF533007ABEE7 /* SvgObject.cpp in Sources */ = {isa = PBXBuildFile; fileRef = 63CFA080148CF533007ABEE7 /* SvgObject.cpp */; };
		63CFA086148CF541007ABEE7 /* SvgParsing.cpp in Sources */ = {isa = PBXBuildFile; fileRef = 63CFA084148CF541007ABEE7 /* SvgParsing.cpp */; };
		63CFA08B148D61B1007ABEE7 /* MonsterPlaygroundScenario.cpp in Sources */ = {isa = PBXBuildFile; fileRef = 63CFA08A148D61B1007ABEE7 /* MonsterPlaygroundScenario.cpp */; };
		63EBC88B14E0B6F1008B5E32 /* SurfacerApp.mm in Sources */ = {isa = PBXBuildFile; fileRef = 63EBC88A14E0B6F1008B5E32 /* SurfacerApp.mm */; };
/* End PBXBuildFile section */

/* Begin PBXContainerItemProxy section */
		63B44C281D65209E0060F264 /* PBXContainerItemProxy */ = {
			isa = PBXContainerItemProxy;
			containerPortal = 63B44C221D65209E0060F264 /* Chipmunk6.xcodeproj */;
			proxyType = 2;
			remoteGlobalIDString = D3E5F0490AA32FDE004E361B;
			remoteInfo = ChipmunkDemo;
		};
		63B44C2A1D65209E0060F264 /* PBXContainerItemProxy */ = {
			isa = PBXContainerItemProxy;
			containerPortal = 63B44C221D65209E0060F264 /* Chipmunk6.xcodeproj */;
			proxyType = 2;
			remoteGlobalIDString = D34963BB0B56CAA300CAD239;
			remoteInfo = ChipmunkStatic;
		};
		63B44C2C1D65209E0060F264 /* PBXContainerItemProxy */ = {
			isa = PBXContainerItemProxy;
			containerPortal = 63B44C221D65209E0060F264 /* Chipmunk6.xcodeproj */;
			proxyType = 2;
			remoteGlobalIDString = D3C3787A11063B1B003EF1D9;
			remoteInfo = "ChipmunkStatic-iPhone";
		};
/* End PBXContainerItemProxy section */

/* Begin PBXFileReference section */
		36012A3413D5AAD600124E4A /* TentacleShader.vert */ = {isa = PBXFileReference; fileEncoding = 4; lastKnownFileType = sourcecode.glsl; path = TentacleShader.vert; sourceTree = "<group>"; };
		36012A3613D5AAE000124E4A /* TentacleShader.frag */ = {isa = PBXFileReference; fileEncoding = 4; lastKnownFileType = sourcecode.glsl; path = TentacleShader.frag; sourceTree = "<group>"; };
		3604C84213C5D71E006E154C /* GameLevel.h */ = {isa = PBXFileReference; fileEncoding = 4; lastKnownFileType = sourcecode.c.h; path = GameLevel.h; sourceTree = "<group>"; };
		3604C84413C5D7F0006E154C /* GameLevel.cpp */ = {isa = PBXFileReference; fileEncoding = 4; lastKnownFileType = sourcecode.cpp.cpp; path = GameLevel.cpp; sourceTree = "<group>"; };
		3604C84813C5E006006E154C /* Common.cpp */ = {isa = PBXFileReference; fileEncoding = 4; lastKnownFileType = sourcecode.cpp.cpp; path = Common.cpp; sourceTree = "<group>"; };
		3604C84913C5E006006E154C /* Common.h */ = {isa = PBXFileReference; fileEncoding = 4; lastKnownFileType = sourcecode.c.h; path = Common.h; sourceTree = "<group>"; };
		3604C84A13C5E006006E154C /* Core.h */ = {isa = PBXFileReference; fileEncoding = 4; lastKnownFileType = sourcecode.c.h; path = Core.h; sourceTree = "<group>"; };
		3604C84B13C5E006006E154C /* GameObject.cpp */ = {isa = PBXFileReference; fileEncoding = 4; lastKnownFileType = sourcecode.cpp.cpp; path = GameObject.cpp; sourceTree = "<group>"; };
		3604C84C13C5E006006E154C /* GameObject.h */ = {isa = PBXFileReference; fileEncoding = 4; lastKnownFileType = sourcecode.c.h; lineEnding = 0; path = GameObject.h; sourceTree = "<group>"; xcLanguageSpecificationIdentifier = xcode.lang.objcpp; };
		3604C84D13C5E006006E154C /* InputDispatcher.cpp */ = {isa = PBXFileReference; fileEncoding = 4; lastKnownFileType = sourcecode.cpp.cpp; path = InputDispatcher.cpp; sourceTree = "<group>"; };
		3604C84E13C5E006006E154C /* InputDispatcher.h */ = {isa = PBXFileReference; fileEncoding = 4; lastKnownFileType = sourcecode.c.h; path = InputDispatcher.h; sourceTree = "<group>"; };
		3604C84F13C5E006006E154C /* Level.cpp */ = {isa = PBXFileReference; fileEncoding = 4; lastKnownFileType = sourcecode.cpp.cpp; path = Level.cpp; sourceTree = "<group>"; };
		3604C85013C5E006006E154C /* Level.h */ = {isa = PBXFileReference; fileEncoding = 4; lastKnownFileType = sourcecode.c.h; path = Level.h; sourceTree = "<group>"; };
		3604C85213C5E006006E154C /* Scenario.cpp */ = {isa = PBXFileReference; fileEncoding = 4; lastKnownFileType = sourcecode.cpp.cpp; path = Scenario.cpp; sourceTree = "<group>"; };
		3604C85313C5E006006E154C /* Scenario.h */ = {isa = PBXFileReference; fileEncoding = 4; lastKnownFileType = sourcecode.c.h; path = Scenario.h; sourceTree = "<group>"; };
		3604C85413C5E006006E154C /* Viewport.cpp */ = {isa = PBXFileReference; fileEncoding = 4; lastKnownFileType = sourcecode.cpp.cpp; path = Viewport.cpp; sourceTree = "<group>"; };
		3604C85513C5E006006E154C /* Viewport.h */ = {isa = PBXFileReference; fileEncoding = 4; lastKnownFileType = sourcecode.c.h; path = Viewport.h; sourceTree = "<group>"; };
		3604C85C13C5E080006E154C /* Game.cpp */ = {isa = PBXFileReference; fileEncoding = 4; lastKnownFileType = sourcecode.cpp.cpp; path = Game.cpp; sourceTree = "<group>"; };
		3604C85D13C5E080006E154C /* Game.h */ = {isa = PBXFileReference; fileEncoding = 4; lastKnownFileType = sourcecode.c.h; path = Game.h; sourceTree = "<group>"; };
		360542211444D18D00438EF3 /* Player.cpp */ = {isa = PBXFileReference; fileEncoding = 4; lastKnownFileType = sourcecode.cpp.cpp; path = Player.cpp; sourceTree = "<group>"; };
		360542221444D18D00438EF3 /* Player.h */ = {isa = PBXFileReference; fileEncoding = 4; lastKnownFileType = sourcecode.c.h; path = Player.h; sourceTree = "<group>"; };
		36204FEC13C71E520032FF7B /* Background.cpp */ = {isa = PBXFileReference; fileEncoding = 4; lastKnownFileType = sourcecode.cpp.cpp; path = Background.cpp; sourceTree = "<group>"; };
		36204FED13C71E520032FF7B /* Background.h */ = {isa = PBXFileReference; fileEncoding = 4; lastKnownFileType = sourcecode.c.h; path = Background.h; sourceTree = "<group>"; };
		36204FF513C87B450032FF7B /* BackgroundShader.vert */ = {isa = PBXFileReference; fileEncoding = 4; lastKnownFileType = sourcecode.glsl; path = BackgroundShader.vert; sourceTree = "<group>"; };
		3620500113C8A07C0032FF7B /* IslandShader.vert */ = {isa = PBXFileReference; fileEncoding = 4; lastKnownFileType = sourcecode.glsl; path = IslandShader.vert; sourceTree = "<group>"; };
		3620500313C8A0870032FF7B /* IslandShader.frag */ = {isa = PBXFileReference; fileEncoding = 4; lastKnownFileType = sourcecode.glsl; path = IslandShader.frag; sourceTree = "<group>"; };
		363544DC13DEE37A00BC08ED /* MiasmaParticleShader.frag */ = {isa = PBXFileReference; fileEncoding = 4; lastKnownFileType = sourcecode.glsl; path = MiasmaParticleShader.frag; sourceTree = "<group>"; };
		363544DD13DEE37A00BC08ED /* MiasmaParticleShader.vert */ = {isa = PBXFileReference; fileEncoding = 4; lastKnownFileType = sourcecode.glsl; path = MiasmaParticleShader.vert; sourceTree = "<group>"; };
		3640013914111F8F00849904 /* SignalsAndSlots.h */ = {isa = PBXFileReference; fileEncoding = 4; lastKnownFileType = sourcecode.c.h; path = SignalsAndSlots.h; sourceTree = "<group>"; };
		364413F4142E6EEE008195BD /* GameConstants.h */ = {isa = PBXFileReference; fileEncoding = 4; lastKnownFileType = sourcecode.c.h; path = GameConstants.h; sourceTree = "<group>"; };
		3646F3C313D6EC30006BB47B /* ParticleSystem.cpp */ = {isa = PBXFileReference; fileEncoding = 4; lastKnownFileType = sourcecode.cpp.cpp; path = ParticleSystem.cpp; sourceTree = "<group>"; };
		3646F3C413D6EC30006BB47B /* ParticleSystem.h */ = {isa = PBXFileReference; fileEncoding = 4; lastKnownFileType = sourcecode.c.h; path = ParticleSystem.h; sourceTree = "<group>"; };
		3646F3C613D6F7C8006BB47B /* ParticleShader.vert */ = {isa = PBXFileReference; fileEncoding = 4; lastKnownFileType = sourcecode.glsl; path = ParticleShader.vert; sourceTree = "<group>"; };
		3646F3C813D6F7D2006BB47B /* ParticleShader.frag */ = {isa = PBXFileReference; fileEncoding = 4; lastKnownFileType = sourcecode.glsl; path = ParticleShader.frag; sourceTree = "<group>"; };
		364A8E921431F6CA003861E5 /* Terrain_cutting.cpp */ = {isa = PBXFileReference; fileEncoding = 4; lastKnownFileType = sourcecode.cpp.cpp; path = Terrain_cutting.cpp; sourceTree = "<group>"; };
		364A8E9714334803003861E5 /* Voxel.h */ = {isa = PBXFileReference; fileEncoding = 4; lastKnownFileType = sourcecode.c.h; path = Voxel.h; sourceTree = "<group>"; };
		365C817D1552A982007EAC27 /* LineChunking.h */ = {isa = PBXFileReference; fileEncoding = 4; lastKnownFileType = sourcecode.c.h; path = LineChunking.h; sourceTree = "<group>"; };
		366195D815546815001A3C82 /* PowerPlatform.h */ = {isa = PBXFileReference; fileEncoding = 4; lastKnownFileType = sourcecode.c.h; path = PowerPlatform.h; sourceTree = "<group>"; };
		366195D915546822001A3C82 /* PowerPlatform.cpp */ = {isa = PBXFileReference; fileEncoding = 4; lastKnownFileType = sourcecode.cpp.cpp; path = PowerPlatform.cpp; sourceTree = "<group>"; };
		36628D86140D06FC00DF1E40 /* Terrain_perimeterGreebling.cpp */ = {isa = PBXFileReference; fileEncoding = 4; lastKnownFileType = sourcecode.cpp.cpp; lineEnding = 0; path = Terrain_perimeterGreebling.cpp; sourceTree = "<group>"; xcLanguageSpecificationIdentifier = xcode.lang.cpp; };
		3673B7871447011200866813 /* CuttingBeamShader.frag */ = {isa = PBXFileReference; explicitFileType = sourcecode.glsl; fileEncoding = 4; path = CuttingBeamShader.frag; sourceTree = "<group>"; };
		3673B7881447011200866813 /* CuttingBeamShader.vert */ = {isa = PBXFileReference; explicitFileType = sourcecode.glsl; fileEncoding = 4; path = CuttingBeamShader.vert; sourceTree = "<group>"; };
		36774F2114051A1C00213626 /* Stopwatch.h */ = {isa = PBXFileReference; fileEncoding = 4; lastKnownFileType = sourcecode.c.h; path = Stopwatch.h; sourceTree = "<group>"; };
		36774F2314051AE900213626 /* Range.h */ = {isa = PBXFileReference; fileEncoding = 4; lastKnownFileType = sourcecode.c.h; path = Range.h; sourceTree = "<group>"; };
		3684605C140519AD00724774 /* Stopwatch.cpp */ = {isa = PBXFileReference; fileEncoding = 4; lastKnownFileType = sourcecode.cpp.cpp; path = Stopwatch.cpp; sourceTree = "<group>"; };
		369173461407C2AF00299218 /* CollisionDispatcher.h */ = {isa = PBXFileReference; fileEncoding = 4; lastKnownFileType = sourcecode.c.h; path = CollisionDispatcher.h; sourceTree = "<group>"; };
		369173481407C2C500299218 /* CollisionDispatcher.cpp */ = {isa = PBXFileReference; fileEncoding = 4; lastKnownFileType = sourcecode.cpp.cpp; path = CollisionDispatcher.cpp; sourceTree = "<group>"; };
		36B9EC3A13BB40DD00A61D67 /* ImageProcessing.h */ = {isa = PBXFileReference; fileEncoding = 4; lastKnownFileType = sourcecode.c.h; path = ImageProcessing.h; sourceTree = "<group>"; };
		36C4AB101526567F0044CF91 /* FilterPassthrough.frag */ = {isa = PBXFileReference; fileEncoding = 4; lastKnownFileType = sourcecode.glsl; path = FilterPassthrough.frag; sourceTree = "<group>"; };
		36C7A635142127D000899E33 /* FastTrig.h */ = {isa = PBXFileReference; fileEncoding = 4; lastKnownFileType = sourcecode.c.h; path = FastTrig.h; sourceTree = "<group>"; };
		36F640AE143B284300553B0B /* Terrain_triangulation.cpp */ = {isa = PBXFileReference; fileEncoding = 4; lastKnownFileType = sourcecode.cpp.cpp; path = Terrain_triangulation.cpp; sourceTree = "<group>"; };
		63007756158B51AD00D12FD8 /* PowerCell.h */ = {isa = PBXFileReference; fileEncoding = 4; lastKnownFileType = sourcecode.c.h; path = PowerCell.h; sourceTree = "<group>"; };
		63007757158B51D000D12FD8 /* PowerCell.cpp */ = {isa = PBXFileReference; fileEncoding = 4; lastKnownFileType = sourcecode.cpp.cpp; path = PowerCell.cpp; sourceTree = "<group>"; };
		630217F015209D990082BA6B /* UIStack.cpp */ = {isa = PBXFileReference; fileEncoding = 4; lastKnownFileType = sourcecode.cpp.cpp; path = UIStack.cpp; sourceTree = "<group>"; };
		630217F115209D990082BA6B /* UIStack.h */ = {isa = PBXFileReference; fileEncoding = 4; lastKnownFileType = sourcecode.c.h; path = UIStack.h; sourceTree = "<group>"; };
		630217F31520F2090082BA6B /* PlayerHud.h */ = {isa = PBXFileReference; lastKnownFileType = sourcecode.c.h; path = PlayerHud.h; sourceTree = "<group>"; };
		630217F41520F2EC0082BA6B /* PlayerHud.cpp */ = {isa = PBXFileReference; fileEncoding = 4; lastKnownFileType = sourcecode.cpp.cpp; path = PlayerHud.cpp; sourceTree = "<group>"; };
		630217FB1523293C0082BA6B /* UIPlaygroundScenario.h */ = {isa = PBXFileReference; lastKnownFileType = sourcecode.c.h; path = UIPlaygroundScenario.h; sourceTree = "<group>"; };
		630217FC152329480082BA6B /* UIPlaygroundScenario.cpp */ = {isa = PBXFileReference; fileEncoding = 4; lastKnownFileType = sourcecode.cpp.cpp; path = UIPlaygroundScenario.cpp; sourceTree = "<group>"; };
		63052D38137D4C1F006B88E7 /* FloodFill.h */ = {isa = PBXFileReference; fileEncoding = 4; lastKnownFileType = sourcecode.c.h; lineEnding = 0; path = FloodFill.h; sourceTree = "<group>"; xcLanguageSpecificationIdentifier = xcode.lang.objcpp; };
		63052D39137D4C1F006B88E7 /* Terrain_perimeter.cpp */ = {isa = PBXFileReference; fileEncoding = 4; lastKnownFileType = sourcecode.cpp.cpp; lineEnding = 0; path = Terrain_perimeter.cpp; sourceTree = "<group>"; xcLanguageSpecificationIdentifier = xcode.lang.cpp; };
		63052D3A137D4C1F006B88E7 /* Terrain.cpp */ = {isa = PBXFileReference; fileEncoding = 4; lastKnownFileType = sourcecode.cpp.cpp; lineEnding = 0; path = Terrain.cpp; sourceTree = "<group>"; xcLanguageSpecificationIdentifier = xcode.lang.cpp; };
		63052D3B137D4C1F006B88E7 /* Terrain.h */ = {isa = PBXFileReference; fileEncoding = 4; lastKnownFileType = sourcecode.c.h; lineEnding = 0; path = Terrain.h; sourceTree = "<group>"; xcLanguageSpecificationIdentifier = xcode.lang.objcpp; };
		63052D3C137D4C1F006B88E7 /* TerrainRendering.cpp */ = {isa = PBXFileReference; fileEncoding = 4; lastKnownFileType = sourcecode.cpp.cpp; lineEnding = 0; path = TerrainRendering.cpp; sourceTree = "<group>"; xcLanguageSpecificationIdentifier = xcode.lang.cpp; };
		63052D3D137D4C1F006B88E7 /* TerrainRendering.h */ = {isa = PBXFileReference; fileEncoding = 4; lastKnownFileType = sourcecode.c.h; path = TerrainRendering.h; sourceTree = "<group>"; };
		63052D3E137D4C1F006B88E7 /* MarchingSquares.h */ = {isa = PBXFileReference; fileEncoding = 4; lastKnownFileType = sourcecode.c.h; lineEnding = 0; path = MarchingSquares.h; sourceTree = "<group>"; xcLanguageSpecificationIdentifier = xcode.lang.objcpp; };
		630BD6EE1490E1A000C53F30 /* DrawDispatcher.h */ = {isa = PBXFileReference; fileEncoding = 4; lastKnownFileType = sourcecode.c.h; path = DrawDispatcher.h; sourceTree = "<group>"; };
		630BD6F01490E1B500C53F30 /* DrawDispatcher.cpp */ = {isa = PBXFileReference; fileEncoding = 4; lastKnownFileType = sourcecode.cpp.cpp; path = DrawDispatcher.cpp; sourceTree = "<group>"; };
		630BD6F31493924400C53F30 /* Urchin.cpp */ = {isa = PBXFileReference; fileEncoding = 4; lastKnownFileType = sourcecode.cpp.cpp; path = Urchin.cpp; sourceTree = "<group>"; };
		630BD6F51493A47600C53F30 /* ShubNiggurath.h */ = {isa = PBXFileReference; fileEncoding = 4; lastKnownFileType = sourcecode.c.h; path = ShubNiggurath.h; sourceTree = "<group>"; };
		630BD6F61493A48C00C53F30 /* ShubNiggurath.cpp */ = {isa = PBXFileReference; fileEncoding = 4; lastKnownFileType = sourcecode.cpp.cpp; path = ShubNiggurath.cpp; sourceTree = "<group>"; };
		6310DEEB158A0D3200A46D9F /* GameConstants.cpp */ = {isa = PBXFileReference; fileEncoding = 4; lastKnownFileType = sourcecode.cpp.cpp; path = GameConstants.cpp; sourceTree = "<group>"; };
		632CA315151369B800989918 /* Flicker.h */ = {isa = PBXFileReference; lastKnownFileType = sourcecode.c.h; path = Flicker.h; sourceTree = "<group>"; };
		632CA316151369D400989918 /* Flicker.cpp */ = {isa = PBXFileReference; fileEncoding = 4; lastKnownFileType = sourcecode.cpp.cpp; path = Flicker.cpp; sourceTree = "<group>"; };
		6330036014E2A0EB00146D07 /* CuttingBeam.h */ = {isa = PBXFileReference; fileEncoding = 4; lastKnownFileType = sourcecode.c.h; path = CuttingBeam.h; sourceTree = "<group>"; };
		6330036114E2A0F500146D07 /* CuttingBeam.cpp */ = {isa = PBXFileReference; fileEncoding = 4; lastKnownFileType = sourcecode.cpp.cpp; path = CuttingBeam.cpp; sourceTree = "<group>"; };
		6330036314E2A86C00146D07 /* MagnetoBeam.h */ = {isa = PBXFileReference; fileEncoding = 4; lastKnownFileType = sourcecode.c.h; path = MagnetoBeam.h; sourceTree = "<group>"; };
		6330036414E2A87700146D07 /* MagnetoBeam.cpp */ = {isa = PBXFileReference; fileEncoding = 4; lastKnownFileType = sourcecode.cpp.cpp; path = MagnetoBeam.cpp; sourceTree = "<group>"; };
		633C224B150A290C00C966B2 /* ColorAdjustmentFilter.frag */ = {isa = PBXFileReference; lastKnownFileType = sourcecode.glsl; path = ColorAdjustmentFilter.frag; sourceTree = "<group>"; };
		633C224C150A290D00C966B2 /* FilterPassthrough.vert */ = {isa = PBXFileReference; lastKnownFileType = sourcecode.glsl; path = FilterPassthrough.vert; sourceTree = "<group>"; };
		633C224D150A290D00C966B2 /* Filters.cpp */ = {isa = PBXFileReference; lastKnownFileType = sourcecode.cpp.cpp; path = Filters.cpp; sourceTree = "<group>"; };
		633C224E150A290D00C966B2 /* Filters.h */ = {isa = PBXFileReference; lastKnownFileType = sourcecode.c.h; path = Filters.h; sourceTree = "<group>"; };
		633C224F150A290D00C966B2 /* FilterStack.cpp */ = {isa = PBXFileReference; lastKnownFileType = sourcecode.cpp.cpp; path = FilterStack.cpp; sourceTree = "<group>"; };
		633C2250150A290D00C966B2 /* FilterStack.h */ = {isa = PBXFileReference; lastKnownFileType = sourcecode.c.h; path = FilterStack.h; sourceTree = "<group>"; };
		633C2251150A290D00C966B2 /* GaussianBlurFilter_Horizontal.frag */ = {isa = PBXFileReference; lastKnownFileType = sourcecode.glsl; path = GaussianBlurFilter_Horizontal.frag; sourceTree = "<group>"; };
		633C2252150A290D00C966B2 /* GaussianBlurFilter_Vertical.frag */ = {isa = PBXFileReference; lastKnownFileType = sourcecode.glsl; path = GaussianBlurFilter_Vertical.frag; sourceTree = "<group>"; };
		633C2253150A290D00C966B2 /* GradientMapFilter.frag */ = {isa = PBXFileReference; lastKnownFileType = sourcecode.glsl; path = GradientMapFilter.frag; sourceTree = "<group>"; };
		633C2254150A290D00C966B2 /* NoiseFilter.frag */ = {isa = PBXFileReference; lastKnownFileType = sourcecode.glsl; path = NoiseFilter.frag; sourceTree = "<group>"; };
		633C2255150A290E00C966B2 /* PalettizingFilter_RGB.frag */ = {isa = PBXFileReference; lastKnownFileType = sourcecode.glsl; path = PalettizingFilter_RGB.frag; sourceTree = "<group>"; };
		633C2256150A290E00C966B2 /* PalettizingFilter_YUV.frag */ = {isa = PBXFileReference; lastKnownFileType = sourcecode.glsl; path = PalettizingFilter_YUV.frag; sourceTree = "<group>"; };
		633D6D5E15875A420031CC0A /* LevelLoadingScenario.h */ = {isa = PBXFileReference; fileEncoding = 4; lastKnownFileType = sourcecode.c.h; path = LevelLoadingScenario.h; sourceTree = "<group>"; };
		633D6D5F15875A4D0031CC0A /* LevelLoadingScenario.cpp */ = {isa = PBXFileReference; fileEncoding = 4; lastKnownFileType = sourcecode.cpp.cpp; path = LevelLoadingScenario.cpp; sourceTree = "<group>"; };
		63413DBB1518A306009E763C /* InputDispatcher.mm */ = {isa = PBXFileReference; fileEncoding = 4; lastKnownFileType = sourcecode.cpp.objcpp; path = InputDispatcher.mm; sourceTree = "<group>"; };
		6348539C161DB21E0063F2B8 /* Actions.cpp */ = {isa = PBXFileReference; fileEncoding = 4; lastKnownFileType = sourcecode.cpp.cpp; path = Actions.cpp; sourceTree = "<group>"; };
		6348539D161DB21E0063F2B8 /* Actions.h */ = {isa = PBXFileReference; fileEncoding = 4; lastKnownFileType = sourcecode.c.h; path = Actions.h; sourceTree = "<group>"; };
		634A49DE14BDB9E6001AAF0B /* Barnacle.cpp */ = {isa = PBXFileReference; fileEncoding = 4; lastKnownFileType = sourcecode.cpp.cpp; path = Barnacle.cpp; sourceTree = "<group>"; };
		634A49E114BDB9EF001AAF0B /* Barnacle.h */ = {isa = PBXFileReference; fileEncoding = 4; lastKnownFileType = sourcecode.c.h; path = Barnacle.h; sourceTree = "<group>"; };
		634A49E914BDDA24001AAF0B /* ChipmunkDebugDraw.h */ = {isa = PBXFileReference; fileEncoding = 4; lastKnownFileType = sourcecode.c.h; path = ChipmunkDebugDraw.h; sourceTree = "<group>"; };
		634A49EA14BDDA33001AAF0B /* ChipmunkDebugDraw.cpp */ = {isa = PBXFileReference; fileEncoding = 4; lastKnownFileType = sourcecode.cpp.cpp; path = ChipmunkDebugDraw.cpp; sourceTree = "<group>"; };
		634E2C80154EB1F2000D3B61 /* ChipmunkHelpers.cpp */ = {isa = PBXFileReference; fileEncoding = 4; lastKnownFileType = sourcecode.cpp.cpp; path = ChipmunkHelpers.cpp; sourceTree = "<group>"; };
		634F2679137C071C002A412F /* Surfacer.app */ = {isa = PBXFileReference; explicitFileType = wrapper.application; includeInIndex = 0; path = Surfacer.app; sourceTree = BUILT_PRODUCTS_DIR; };
		634F267D137C071C002A412F /* Cocoa.framework */ = {isa = PBXFileReference; lastKnownFileType = wrapper.framework; name = Cocoa.framework; path = System/Library/Frameworks/Cocoa.framework; sourceTree = SDKROOT; };
		634F2680137C071C002A412F /* AppKit.framework */ = {isa = PBXFileReference; lastKnownFileType = wrapper.framework; name = AppKit.framework; path = System/Library/Frameworks/AppKit.framework; sourceTree = SDKROOT; };
		634F2681137C071C002A412F /* CoreData.framework */ = {isa = PBXFileReference; lastKnownFileType = wrapper.framework; name = CoreData.framework; path = System/Library/Frameworks/CoreData.framework; sourceTree = SDKROOT; };
		634F2682137C071C002A412F /* Foundation.framework */ = {isa = PBXFileReference; lastKnownFileType = wrapper.framework; name = Foundation.framework; path = System/Library/Frameworks/Foundation.framework; sourceTree = SDKROOT; };
		634F2685137C071C002A412F /* Surfacer-Info.plist */ = {isa = PBXFileReference; lastKnownFileType = text.plist.xml; path = "Surfacer-Info.plist"; sourceTree = "<group>"; };
		634F2689137C071C002A412F /* Surfacer-Prefix.pch */ = {isa = PBXFileReference; lastKnownFileType = sourcecode.c.h; path = "Surfacer-Prefix.pch"; sourceTree = "<group>"; };
		634F269A137C097F002A412F /* Accelerate.framework */ = {isa = PBXFileReference; lastKnownFileType = wrapper.framework; name = Accelerate.framework; path = System/Library/Frameworks/Accelerate.framework; sourceTree = SDKROOT; };
		634F269B137C097F002A412F /* AudioToolbox.framework */ = {isa = PBXFileReference; lastKnownFileType = wrapper.framework; name = AudioToolbox.framework; path = System/Library/Frameworks/AudioToolbox.framework; sourceTree = SDKROOT; };
		634F269C137C097F002A412F /* AudioUnit.framework */ = {isa = PBXFileReference; lastKnownFileType = wrapper.framework; name = AudioUnit.framework; path = System/Library/Frameworks/AudioUnit.framework; sourceTree = SDKROOT; };
		634F269D137C097F002A412F /* Carbon.framework */ = {isa = PBXFileReference; lastKnownFileType = wrapper.framework; name = Carbon.framework; path = System/Library/Frameworks/Carbon.framework; sourceTree = SDKROOT; };
		634F269E137C097F002A412F /* CoreAudio.framework */ = {isa = PBXFileReference; lastKnownFileType = wrapper.framework; name = CoreAudio.framework; path = System/Library/Frameworks/CoreAudio.framework; sourceTree = SDKROOT; };
		634F269F137C097F002A412F /* CoreVideo.framework */ = {isa = PBXFileReference; lastKnownFileType = wrapper.framework; name = CoreVideo.framework; path = System/Library/Frameworks/CoreVideo.framework; sourceTree = SDKROOT; };
		634F26A0137C097F002A412F /* OpenGL.framework */ = {isa = PBXFileReference; lastKnownFileType = wrapper.framework; name = OpenGL.framework; path = System/Library/Frameworks/OpenGL.framework; sourceTree = SDKROOT; };
		634F26A1137C097F002A412F /* QTKit.framework */ = {isa = PBXFileReference; lastKnownFileType = wrapper.framework; name = QTKit.framework; path = System/Library/Frameworks/QTKit.framework; sourceTree = SDKROOT; };
		634F26A2137C097F002A412F /* QuickTime.framework */ = {isa = PBXFileReference; lastKnownFileType = wrapper.framework; name = QuickTime.framework; path = System/Library/Frameworks/QuickTime.framework; sourceTree = SDKROOT; };
		634F8FFD14D490A600791C12 /* Grub.h */ = {isa = PBXFileReference; fileEncoding = 4; lastKnownFileType = sourcecode.c.h; path = Grub.h; sourceTree = "<group>"; };
		634F8FFE14D490B200791C12 /* Grub.cpp */ = {isa = PBXFileReference; fileEncoding = 4; lastKnownFileType = sourcecode.cpp.cpp; path = Grub.cpp; sourceTree = "<group>"; };
		634F900014D58EB000791C12 /* GrubShader.vert */ = {isa = PBXFileReference; fileEncoding = 4; lastKnownFileType = sourcecode.glsl; path = GrubShader.vert; sourceTree = "<group>"; };
		634F900214D58EBB00791C12 /* GrubShader.frag */ = {isa = PBXFileReference; fileEncoding = 4; lastKnownFileType = sourcecode.glsl; path = GrubShader.frag; sourceTree = "<group>"; };
		63509908147C61C300DCB5D7 /* Fluid.h */ = {isa = PBXFileReference; fileEncoding = 4; lastKnownFileType = sourcecode.c.h; path = Fluid.h; sourceTree = "<group>"; };
		63509909147C61CB00DCB5D7 /* Fluid.cpp */ = {isa = PBXFileReference; fileEncoding = 4; lastKnownFileType = sourcecode.cpp.cpp; path = Fluid.cpp; sourceTree = "<group>"; };
		6350990D147C7AB800DCB5D7 /* FluidParticleShader.vert */ = {isa = PBXFileReference; fileEncoding = 4; lastKnownFileType = sourcecode.glsl; path = FluidParticleShader.vert; sourceTree = "<group>"; };
		6350990F147C7AC500DCB5D7 /* FluidParticleShader.frag */ = {isa = PBXFileReference; fileEncoding = 4; lastKnownFileType = sourcecode.glsl; path = FluidParticleShader.frag; sourceTree = "<group>"; };
		6351F0D7137EDA6200814354 /* CuttingTestScenario.cpp */ = {isa = PBXFileReference; fileEncoding = 4; lastKnownFileType = sourcecode.cpp.cpp; lineEnding = 0; path = CuttingTestScenario.cpp; sourceTree = "<group>"; xcLanguageSpecificationIdentifier = xcode.lang.cpp; };
		6351F0D8137EDA6200814354 /* CuttingTestScenario.h */ = {isa = PBXFileReference; fileEncoding = 4; lastKnownFileType = sourcecode.c.h; lineEnding = 0; path = CuttingTestScenario.h; sourceTree = "<group>"; xcLanguageSpecificationIdentifier = xcode.lang.objcpp; };
		63587A541524760B00C2CCA5 /* Notification.h */ = {isa = PBXFileReference; fileEncoding = 4; lastKnownFileType = sourcecode.c.h; path = Notification.h; sourceTree = "<group>"; };
		63587A551524762400C2CCA5 /* Notification.cpp */ = {isa = PBXFileReference; fileEncoding = 4; lastKnownFileType = sourcecode.cpp.cpp; path = Notification.cpp; sourceTree = "<group>"; };
		6359E4691548229E00076E75 /* PalettizingFilter_HSL.frag */ = {isa = PBXFileReference; fileEncoding = 4; lastKnownFileType = sourcecode.glsl; path = PalettizingFilter_HSL.frag; sourceTree = "<group>"; };
		635B0D191557F79900A1E935 /* Sensor.h */ = {isa = PBXFileReference; fileEncoding = 4; lastKnownFileType = sourcecode.c.h; path = Sensor.h; sourceTree = "<group>"; };
		635B0D1A1559454F00A1E935 /* Sensor.cpp */ = {isa = PBXFileReference; fileEncoding = 4; lastKnownFileType = sourcecode.cpp.cpp; path = Sensor.cpp; sourceTree = "<group>"; };
		635B0D1C155C1B3D00A1E935 /* SensorTestScenario.h */ = {isa = PBXFileReference; fileEncoding = 4; lastKnownFileType = sourcecode.c.h; path = SensorTestScenario.h; sourceTree = "<group>"; };
		635B0D1D155C1B4800A1E935 /* SensorTestScenario.cpp */ = {isa = PBXFileReference; fileEncoding = 4; lastKnownFileType = sourcecode.cpp.cpp; path = SensorTestScenario.cpp; sourceTree = "<group>"; };
		6361685214A3660F00A50C51 /* MathHelpers.h */ = {isa = PBXFileReference; fileEncoding = 4; lastKnownFileType = sourcecode.c.h; path = MathHelpers.h; sourceTree = "<group>"; };
		6361685314A3662D00A50C51 /* ChipmunkHelpers.h */ = {isa = PBXFileReference; fileEncoding = 4; lastKnownFileType = sourcecode.c.h; path = ChipmunkHelpers.h; sourceTree = "<group>"; };
		6361685514A367AD00A50C51 /* StringHelpers.h */ = {isa = PBXFileReference; fileEncoding = 4; lastKnownFileType = sourcecode.c.h; path = StringHelpers.h; sourceTree = "<group>"; };
		6363296815909E07008E4CE8 /* Urchin.h */ = {isa = PBXFileReference; fileEncoding = 4; lastKnownFileType = sourcecode.c.h; path = Urchin.h; sourceTree = "<group>"; };
		6363462D14CF28AD0013BEA1 /* MotileFluid.h */ = {isa = PBXFileReference; fileEncoding = 4; lastKnownFileType = sourcecode.c.h; path = MotileFluid.h; sourceTree = "<group>"; };
		6363462E14CF28D20013BEA1 /* MotileFluid.cpp */ = {isa = PBXFileReference; fileEncoding = 4; lastKnownFileType = sourcecode.cpp.cpp; path = MotileFluid.cpp; sourceTree = "<group>"; };
		63751C4E14B5D20900E8A183 /* BackgroundShader1.frag */ = {isa = PBXFileReference; fileEncoding = 4; lastKnownFileType = sourcecode.glsl; path = BackgroundShader1.frag; sourceTree = "<group>"; };
		63751C5114B5D21500E8A183 /* BackgroundShader2.frag */ = {isa = PBXFileReference; fileEncoding = 4; lastKnownFileType = sourcecode.glsl; path = BackgroundShader2.frag; sourceTree = "<group>"; };
		63751C5314B5D22400E8A183 /* BackgroundShader3.frag */ = {isa = PBXFileReference; fileEncoding = 4; lastKnownFileType = sourcecode.glsl; path = BackgroundShader3.frag; sourceTree = "<group>"; };
		63751C5514B5D34600E8A183 /* Exception.h */ = {isa = PBXFileReference; fileEncoding = 4; lastKnownFileType = sourcecode.c.h; path = Exception.h; sourceTree = "<group>"; };
		637782F015DBC01900554555 /* FluidCompositor_Background.frag */ = {isa = PBXFileReference; fileEncoding = 4; lastKnownFileType = sourcecode.glsl; path = FluidCompositor_Background.frag; sourceTree = "<group>"; };
		637782F215DBCB1E00554555 /* FluidCompositor_ToneMapAndBackground.frag */ = {isa = PBXFileReference; fileEncoding = 4; lastKnownFileType = sourcecode.glsl; path = FluidCompositor_ToneMapAndBackground.frag; sourceTree = "<group>"; };
		6377FF4C147C812E00AC9AFC /* FluidCompositor.vert */ = {isa = PBXFileReference; fileEncoding = 4; lastKnownFileType = sourcecode.glsl; path = FluidCompositor.vert; sourceTree = "<group>"; };
		6377FF4F147C813D00AC9AFC /* FluidCompositor_ToneMap.frag */ = {isa = PBXFileReference; fileEncoding = 4; lastKnownFileType = sourcecode.glsl; path = FluidCompositor_ToneMap.frag; sourceTree = "<group>"; };
		638642F2137C0A13005B485B /* main.cpp */ = {isa = PBXFileReference; fileEncoding = 4; lastKnownFileType = sourcecode.cpp.cpp; lineEnding = 0; path = main.cpp; sourceTree = "<group>"; xcLanguageSpecificationIdentifier = xcode.lang.cpp; };
		638A040514F519B900E53884 /* PerlinNoise.cpp */ = {isa = PBXFileReference; fileEncoding = 4; lastKnownFileType = sourcecode.cpp.cpp; path = PerlinNoise.cpp; sourceTree = "<group>"; };
		638A040614F519B900E53884 /* PerlinNoise.h */ = {isa = PBXFileReference; fileEncoding = 4; lastKnownFileType = sourcecode.c.h; path = PerlinNoise.h; sourceTree = "<group>"; };
		638A040814F664B300E53884 /* MagnetoBeamShader.vert */ = {isa = PBXFileReference; explicitFileType = sourcecode.glsl; fileEncoding = 4; path = MagnetoBeamShader.vert; sourceTree = "<group>"; };
		638A040A14F664C800E53884 /* MagnetoBeamShader.frag */ = {isa = PBXFileReference; explicitFileType = sourcecode.glsl; fileEncoding = 4; path = MagnetoBeamShader.frag; sourceTree = "<group>"; };
		638EF3F915515CBC00C5E8E0 /* GameBehaviors.h */ = {isa = PBXFileReference; fileEncoding = 4; lastKnownFileType = sourcecode.c.h; path = GameBehaviors.h; sourceTree = "<group>"; };
		638EF3FA15515D0D00C5E8E0 /* GameBehaviors.cpp */ = {isa = PBXFileReference; fileEncoding = 4; lastKnownFileType = sourcecode.cpp.cpp; path = GameBehaviors.cpp; sourceTree = "<group>"; };
		6390E8A514816E6600ECDD87 /* ResourceManager.h */ = {isa = PBXFileReference; fileEncoding = 4; lastKnownFileType = sourcecode.c.h; path = ResourceManager.h; sourceTree = "<group>"; };
		6390E8A714816E7C00ECDD87 /* ResourceManager.mm */ = {isa = PBXFileReference; fileEncoding = 4; lastKnownFileType = sourcecode.cpp.objcpp; path = ResourceManager.mm; sourceTree = "<group>"; };
		6390E8A91482C1FA00ECDD87 /* GreebleShader.vert */ = {isa = PBXFileReference; fileEncoding = 4; lastKnownFileType = sourcecode.glsl; path = GreebleShader.vert; sourceTree = "<group>"; };
		6390E8AB1482C20400ECDD87 /* GreebleShader.frag */ = {isa = PBXFileReference; fileEncoding = 4; lastKnownFileType = sourcecode.glsl; path = GreebleShader.frag; sourceTree = "<group>"; };
		6390E8B41483C44200ECDD87 /* StringLib.h */ = {isa = PBXFileReference; fileEncoding = 4; lastKnownFileType = sourcecode.c.h; path = StringLib.h; sourceTree = "<group>"; };
		6392B8CE157A65DC00DC22B2 /* Centipede.h */ = {isa = PBXFileReference; fileEncoding = 4; lastKnownFileType = sourcecode.c.h; path = Centipede.h; sourceTree = "<group>"; };
		6392B8CF157A65EB00DC22B2 /* Centipede.cpp */ = {isa = PBXFileReference; fileEncoding = 4; lastKnownFileType = sourcecode.cpp.cpp; path = Centipede.cpp; sourceTree = "<group>"; };
		6392B8D1157A689900DC22B2 /* CentipedeShader.vert */ = {isa = PBXFileReference; lastKnownFileType = sourcecode.glsl; path = CentipedeShader.vert; sourceTree = "<group>"; };
		6392B8D2157A68A900DC22B2 /* CentipedeShader.frag */ = {isa = PBXFileReference; lastKnownFileType = sourcecode.glsl; path = CentipedeShader.frag; sourceTree = "<group>"; };
		6392B8DD157F6F5700DC22B2 /* Fronds.h */ = {isa = PBXFileReference; fileEncoding = 4; lastKnownFileType = sourcecode.c.h; path = Fronds.h; sourceTree = "<group>"; };
		6392B8DE157F6F6F00DC22B2 /* Fronds.cpp */ = {isa = PBXFileReference; fileEncoding = 4; lastKnownFileType = sourcecode.cpp.cpp; path = Fronds.cpp; sourceTree = "<group>"; };
		639C92C2156AEF6400CF349C /* Classloader.h */ = {isa = PBXFileReference; fileEncoding = 4; lastKnownFileType = sourcecode.c.h; path = Classloader.h; sourceTree = "<group>"; };
		639C92C3156AEFA200CF349C /* Classloader.cpp */ = {isa = PBXFileReference; fileEncoding = 4; lastKnownFileType = sourcecode.cpp.cpp; path = Classloader.cpp; sourceTree = "<group>"; };
		639C92C5156C0F3700CF349C /* JsonUtils.h */ = {isa = PBXFileReference; fileEncoding = 4; lastKnownFileType = sourcecode.c.h; path = JsonUtils.h; sourceTree = "<group>"; };
		639C92C6156C0F6200CF349C /* JsonUtils.cpp */ = {isa = PBXFileReference; fileEncoding = 4; lastKnownFileType = sourcecode.cpp.cpp; path = JsonUtils.cpp; sourceTree = "<group>"; };
		639F04E2146D4ED30026D900 /* Components.h */ = {isa = PBXFileReference; fileEncoding = 4; lastKnownFileType = sourcecode.c.h; path = Components.h; sourceTree = "<group>"; };
		639F04E3146D4EDD0026D900 /* Components.cpp */ = {isa = PBXFileReference; fileEncoding = 4; lastKnownFileType = sourcecode.cpp.cpp; path = Components.cpp; sourceTree = "<group>"; };
		639F04E5146D4FB30026D900 /* RenderState.h */ = {isa = PBXFileReference; fileEncoding = 4; lastKnownFileType = sourcecode.c.h; path = RenderState.h; sourceTree = "<group>"; };
		639F04E6146D4FBD0026D900 /* TimeState.h */ = {isa = PBXFileReference; fileEncoding = 4; lastKnownFileType = sourcecode.c.h; path = TimeState.h; sourceTree = "<group>"; };
		639F5A46147E7FBB00154576 /* Weapon.h */ = {isa = PBXFileReference; fileEncoding = 4; lastKnownFileType = sourcecode.c.h; path = Weapon.h; sourceTree = "<group>"; };
		639F5A47147E7FC500154576 /* Weapon.cpp */ = {isa = PBXFileReference; fileEncoding = 4; lastKnownFileType = sourcecode.cpp.cpp; path = Weapon.cpp; sourceTree = "<group>"; };
		639F5A4914801D8F00154576 /* GameComponents.h */ = {isa = PBXFileReference; fileEncoding = 4; lastKnownFileType = sourcecode.c.h; path = GameComponents.h; sourceTree = "<group>"; };
		639F5A4A14801DC800154576 /* GameComponents.cpp */ = {isa = PBXFileReference; fileEncoding = 4; lastKnownFileType = sourcecode.cpp.cpp; path = GameComponents.cpp; sourceTree = "<group>"; };
		639F5A4C148022C100154576 /* Monster.h */ = {isa = PBXFileReference; fileEncoding = 4; lastKnownFileType = sourcecode.c.h; path = Monster.h; sourceTree = "<group>"; };
		639F5A4D148022ED00154576 /* Monster.cpp */ = {isa = PBXFileReference; fileEncoding = 4; lastKnownFileType = sourcecode.cpp.cpp; path = Monster.cpp; sourceTree = "<group>"; };
		63A3786815682A5D0093AF09 /* GameAction.h */ = {isa = PBXFileReference; fileEncoding = 4; lastKnownFileType = sourcecode.c.h; path = GameAction.h; sourceTree = "<group>"; };
		63A3786915682A720093AF09 /* GameAction.cpp */ = {isa = PBXFileReference; fileEncoding = 4; lastKnownFileType = sourcecode.cpp.cpp; path = GameAction.cpp; sourceTree = "<group>"; };
		63AD6C451549C90C00A3E4D2 /* ViewportController.cpp */ = {isa = PBXFileReference; fileEncoding = 4; lastKnownFileType = sourcecode.cpp.cpp; path = ViewportController.cpp; sourceTree = "<group>"; };
		63AD6C461549C90C00A3E4D2 /* ViewportController.h */ = {isa = PBXFileReference; fileEncoding = 4; lastKnownFileType = sourcecode.c.h; path = ViewportController.h; sourceTree = "<group>"; };
		63AD6C481549C99300A3E4D2 /* Mirror.cpp */ = {isa = PBXFileReference; fileEncoding = 4; lastKnownFileType = sourcecode.cpp.cpp; path = Mirror.cpp; sourceTree = "<group>"; };
		63AD6C491549C99300A3E4D2 /* Mirror.h */ = {isa = PBXFileReference; fileEncoding = 4; lastKnownFileType = sourcecode.c.h; path = Mirror.h; sourceTree = "<group>"; };
		63AD6C4A1549C99300A3E4D2 /* MirrorRotationOverlayShader.frag */ = {isa = PBXFileReference; fileEncoding = 4; lastKnownFileType = sourcecode.glsl; path = MirrorRotationOverlayShader.frag; sourceTree = "<group>"; };
		63AD6C4B1549C99300A3E4D2 /* MirrorRotationOverlayShader.vert */ = {isa = PBXFileReference; fileEncoding = 4; lastKnownFileType = sourcecode.glsl; path = MirrorRotationOverlayShader.vert; sourceTree = "<group>"; };
		63AD6C4C1549C99300A3E4D2 /* PowerUp.cpp */ = {isa = PBXFileReference; fileEncoding = 4; lastKnownFileType = sourcecode.cpp.cpp; path = PowerUp.cpp; sourceTree = "<group>"; };
		63AD6C4D1549C99300A3E4D2 /* PowerUp.h */ = {isa = PBXFileReference; fileEncoding = 4; lastKnownFileType = sourcecode.c.h; path = PowerUp.h; sourceTree = "<group>"; };
		63B00BF214AD0438002317DC /* Shoggoth.h */ = {isa = PBXFileReference; fileEncoding = 4; lastKnownFileType = sourcecode.c.h; path = Shoggoth.h; sourceTree = "<group>"; };
		63B00BF414AD044A002317DC /* Shoggoth.cpp */ = {isa = PBXFileReference; fileEncoding = 4; lastKnownFileType = sourcecode.cpp.cpp; path = Shoggoth.cpp; sourceTree = "<group>"; };
		63B09A12148DB0F100433932 /* SvgPassthroughShader.vert */ = {isa = PBXFileReference; fileEncoding = 4; lastKnownFileType = sourcecode.glsl; path = SvgPassthroughShader.vert; sourceTree = "<group>"; };
		63B09A15148DB10000433932 /* SvgPassthroughShader.frag */ = {isa = PBXFileReference; fileEncoding = 4; lastKnownFileType = sourcecode.glsl; path = SvgPassthroughShader.frag; sourceTree = "<group>"; };
		63B37F24162A039700BAAB39 /* RichText.h */ = {isa = PBXFileReference; fileEncoding = 4; lastKnownFileType = sourcecode.c.h; path = RichText.h; sourceTree = "<group>"; };
		63B37F25162A039700BAAB39 /* RichText.mm */ = {isa = PBXFileReference; fileEncoding = 4; lastKnownFileType = sourcecode.cpp.objcpp; path = RichText.mm; sourceTree = "<group>"; };
		63B37F26162A039700BAAB39 /* WebkitRenderer_Impl.h */ = {isa = PBXFileReference; fileEncoding = 4; lastKnownFileType = sourcecode.c.h; path = WebkitRenderer_Impl.h; sourceTree = "<group>"; };
		63B37F27162A039700BAAB39 /* WebkitRenderer_Impl.mm */ = {isa = PBXFileReference; fileEncoding = 4; lastKnownFileType = sourcecode.cpp.objcpp; path = WebkitRenderer_Impl.mm; sourceTree = "<group>"; };
		63B37F2A162A04DC00BAAB39 /* WebKit.framework */ = {isa = PBXFileReference; lastKnownFileType = wrapper.framework; name = WebKit.framework; path = /System/Library/Frameworks/WebKit.framework; sourceTree = "<absolute>"; };
		63B44C221D65209E0060F264 /* Chipmunk6.xcodeproj */ = {isa = PBXFileReference; lastKnownFileType = "wrapper.pb-project"; name = Chipmunk6.xcodeproj; path = "vendor/Chipmunk/Chipmunk-6.2.1/xcode/Chipmunk6.xcodeproj"; sourceTree = "<group>"; };
		63B61C4F1495234B006A2836 /* GreebleMaskShader.vert */ = {isa = PBXFileReference; fileEncoding = 4; lastKnownFileType = sourcecode.glsl; path = GreebleMaskShader.vert; sourceTree = "<group>"; };
		63B61C5214952357006A2836 /* GreebleMaskShader.frag */ = {isa = PBXFileReference; fileEncoding = 4; lastKnownFileType = sourcecode.glsl; path = GreebleMaskShader.frag; sourceTree = "<group>"; };
		63B8CD12153456C800658DCA /* DamagedMonitorFilter.frag */ = {isa = PBXFileReference; fileEncoding = 4; lastKnownFileType = sourcecode.glsl; path = DamagedMonitorFilter.frag; sourceTree = "<group>"; };
		63B8CD151535A71200658DCA /* PlayerSvgAnimator.h */ = {isa = PBXFileReference; fileEncoding = 4; lastKnownFileType = sourcecode.c.h; path = PlayerSvgAnimator.h; sourceTree = "<group>"; };
		63B8CD181535ABFE00658DCA /* PlayerSvgAnimator.cpp */ = {isa = PBXFileReference; fileEncoding = 4; lastKnownFileType = sourcecode.cpp.cpp; path = PlayerSvgAnimator.cpp; sourceTree = "<group>"; };
		63B8CD1A1536F80100658DCA /* GameScenario.cpp */ = {isa = PBXFileReference; fileEncoding = 4; lastKnownFileType = sourcecode.cpp.cpp; path = GameScenario.cpp; sourceTree = "<group>"; };
		63B8CD1D1536F81E00658DCA /* GameScenario.h */ = {isa = PBXFileReference; fileEncoding = 4; lastKnownFileType = sourcecode.c.h; path = GameScenario.h; sourceTree = "<group>"; };
		63BB593614978BBC00D2250B /* Spline.h */ = {isa = PBXFileReference; fileEncoding = 4; lastKnownFileType = sourcecode.c.h; path = Spline.h; sourceTree = "<group>"; };
		63BBB9D414D02F9900B0AA76 /* YogSothoth.h */ = {isa = PBXFileReference; fileEncoding = 4; lastKnownFileType = sourcecode.c.h; path = YogSothoth.h; sourceTree = "<group>"; };
		63BBB9D514D02FA400B0AA76 /* YogSothoth.cpp */ = {isa = PBXFileReference; fileEncoding = 4; lastKnownFileType = sourcecode.cpp.cpp; path = YogSothoth.cpp; sourceTree = "<group>"; };
		63BBB9D714D034DC00B0AA76 /* MotileFluidMonster.h */ = {isa = PBXFileReference; fileEncoding = 4; lastKnownFileType = sourcecode.c.h; path = MotileFluidMonster.h; sourceTree = "<group>"; };
		63BBB9D814D0351900B0AA76 /* MotileFluidMonster.cpp */ = {isa = PBXFileReference; fileEncoding = 4; lastKnownFileType = sourcecode.cpp.cpp; path = MotileFluidMonster.cpp; sourceTree = "<group>"; };
		63BBFEBC154021ED00E5DAB3 /* PlayerPhysics.h */ = {isa = PBXFileReference; fileEncoding = 4; lastKnownFileType = sourcecode.c.h; path = PlayerPhysics.h; sourceTree = "<group>"; };
		63BBFEBD154021F700E5DAB3 /* PlayerPhysics.cpp */ = {isa = PBXFileReference; fileEncoding = 4; lastKnownFileType = sourcecode.cpp.cpp; path = PlayerPhysics.cpp; sourceTree = "<group>"; };
		63C20F0815AEEB6A000A8C3B /* Tongue.h */ = {isa = PBXFileReference; fileEncoding = 4; lastKnownFileType = sourcecode.c.h; path = Tongue.h; sourceTree = "<group>"; };
		63C20F0915AEEB76000A8C3B /* Tongue.cpp */ = {isa = PBXFileReference; fileEncoding = 4; lastKnownFileType = sourcecode.cpp.cpp; path = Tongue.cpp; sourceTree = "<group>"; };
		63C71423153302C3003F0EA5 /* RotaryDialIconShader.vert */ = {isa = PBXFileReference; explicitFileType = sourcecode.glsl; fileEncoding = 4; path = RotaryDialIconShader.vert; sourceTree = "<group>"; };
		63C71425153302CF003F0EA5 /* RotaryDialIconShader.frag */ = {isa = PBXFileReference; explicitFileType = sourcecode.glsl; fileEncoding = 4; path = RotaryDialIconShader.frag; sourceTree = "<group>"; };
		63C7142715330960003F0EA5 /* RotaryDialRingShader.vert */ = {isa = PBXFileReference; explicitFileType = sourcecode.glsl; fileEncoding = 4; path = RotaryDialRingShader.vert; sourceTree = "<group>"; };
		63C714291533096E003F0EA5 /* RotaryDialRingShader.frag */ = {isa = PBXFileReference; explicitFileType = sourcecode.glsl; fileEncoding = 4; path = RotaryDialRingShader.frag; sourceTree = "<group>"; };
		63CFA080148CF533007ABEE7 /* SvgObject.cpp */ = {isa = PBXFileReference; fileEncoding = 4; lastKnownFileType = sourcecode.cpp.cpp; path = SvgObject.cpp; sourceTree = "<group>"; };
		63CFA081148CF533007ABEE7 /* SvgObject.h */ = {isa = PBXFileReference; fileEncoding = 4; lastKnownFileType = sourcecode.c.h; path = SvgObject.h; sourceTree = "<group>"; };
		63CFA084148CF541007ABEE7 /* SvgParsing.cpp */ = {isa = PBXFileReference; fileEncoding = 4; lastKnownFileType = sourcecode.cpp.cpp; path = SvgParsing.cpp; sourceTree = "<group>"; };
		63CFA085148CF541007ABEE7 /* SvgParsing.h */ = {isa = PBXFileReference; fileEncoding = 4; lastKnownFileType = sourcecode.c.h; path = SvgParsing.h; sourceTree = "<group>"; };
		63CFA089148D619B007ABEE7 /* MonsterPlaygroundScenario.h */ = {isa = PBXFileReference; fileEncoding = 4; lastKnownFileType = sourcecode.c.h; path = MonsterPlaygroundScenario.h; sourceTree = "<group>"; };
		63CFA08A148D61B1007ABEE7 /* MonsterPlaygroundScenario.cpp */ = {isa = PBXFileReference; fileEncoding = 4; lastKnownFileType = sourcecode.cpp.cpp; path = MonsterPlaygroundScenario.cpp; sourceTree = "<group>"; };
		63E6010A1529D10100A179D3 /* GameNotifications.h */ = {isa = PBXFileReference; fileEncoding = 4; lastKnownFileType = sourcecode.c.h; path = GameNotifications.h; sourceTree = "<group>"; };
		63E6010B152B0DD300A179D3 /* BlendMode.h */ = {isa = PBXFileReference; fileEncoding = 4; lastKnownFileType = sourcecode.c.h; path = BlendMode.h; sourceTree = "<group>"; };
		63EBC88914E0B6E4008B5E32 /* SurfacerApp.h */ = {isa = PBXFileReference; fileEncoding = 4; lastKnownFileType = sourcecode.c.h; path = SurfacerApp.h; sourceTree = "<group>"; };
		63EBC88A14E0B6F1008B5E32 /* SurfacerApp.mm */ = {isa = PBXFileReference; fileEncoding = 4; lastKnownFileType = sourcecode.cpp.objcpp; path = SurfacerApp.mm; sourceTree = "<group>"; };
		D45E1FA713AA7D0F0064359F /* LineSegment.h */ = {isa = PBXFileReference; fileEncoding = 4; lastKnownFileType = sourcecode.c.h; path = LineSegment.h; sourceTree = "<group>"; };
		D45E1FA813AA7D0F0064359F /* PathInterpolator.h */ = {isa = PBXFileReference; fileEncoding = 4; lastKnownFileType = sourcecode.c.h; path = PathInterpolator.h; sourceTree = "<group>"; };
		D45E1FA913AA7D0F0064359F /* ShapeOptimization.h */ = {isa = PBXFileReference; fileEncoding = 4; lastKnownFileType = sourcecode.c.h; path = ShapeOptimization.h; sourceTree = "<group>"; };
		D45E1FAA13AA7D0F0064359F /* Spring.h */ = {isa = PBXFileReference; fileEncoding = 4; lastKnownFileType = sourcecode.c.h; path = Spring.h; sourceTree = "<group>"; };
		D45E1FAB13AA7D0F0064359F /* Transform.h */ = {isa = PBXFileReference; fileEncoding = 4; lastKnownFileType = sourcecode.c.h; path = Transform.h; sourceTree = "<group>"; };
/* End PBXFileReference section */

/* Begin PBXFrameworksBuildPhase section */
		634F2676137C071C002A412F /* Frameworks */ = {
			isa = PBXFrameworksBuildPhase;
			buildActionMask = 2147483647;
			files = (
				63B37F2B162A04DC00BAAB39 /* WebKit.framework in Frameworks */,
				634F26A3137C097F002A412F /* Accelerate.framework in Frameworks */,
				634F26A4137C097F002A412F /* AudioToolbox.framework in Frameworks */,
				634F26A5137C097F002A412F /* AudioUnit.framework in Frameworks */,
				634F26A6137C097F002A412F /* Carbon.framework in Frameworks */,
				634F26A7137C097F002A412F /* CoreAudio.framework in Frameworks */,
				634F26A8137C097F002A412F /* CoreVideo.framework in Frameworks */,
				634F26A9137C097F002A412F /* OpenGL.framework in Frameworks */,
				634F26AA137C097F002A412F /* QTKit.framework in Frameworks */,
				634F26AB137C097F002A412F /* QuickTime.framework in Frameworks */,
				634F267E137C071C002A412F /* Cocoa.framework in Frameworks */,
			);
			runOnlyForDeploymentPostprocessing = 0;
		};
/* End PBXFrameworksBuildPhase section */

/* Begin PBXGroup section */
		3604C84613C5DFE2006E154C /* Core */ = {
			isa = PBXGroup;
			children = (
				63E6010B152B0DD300A179D3 /* BlendMode.h */,
				639C92C3156AEFA200CF349C /* Classloader.cpp */,
				639C92C2156AEF6400CF349C /* Classloader.h */,
				369173481407C2C500299218 /* CollisionDispatcher.cpp */,
				369173461407C2AF00299218 /* CollisionDispatcher.h */,
				3604C84813C5E006006E154C /* Common.cpp */,
				3604C84913C5E006006E154C /* Common.h */,
				639F04E3146D4EDD0026D900 /* Components.cpp */,
				639F04E2146D4ED30026D900 /* Components.h */,
				3604C84A13C5E006006E154C /* Core.h */,
				630BD6F01490E1B500C53F30 /* DrawDispatcher.cpp */,
				630BD6EE1490E1A000C53F30 /* DrawDispatcher.h */,
				63751C5514B5D34600E8A183 /* Exception.h */,
				633C224D150A290D00C966B2 /* Filters.cpp */,
				633C224E150A290D00C966B2 /* Filters.h */,
				633C224F150A290D00C966B2 /* FilterStack.cpp */,
				633C2250150A290D00C966B2 /* FilterStack.h */,
				3604C84B13C5E006006E154C /* GameObject.cpp */,
				3604C84C13C5E006006E154C /* GameObject.h */,
				6361685414A3677700A50C51 /* Helpers */,
				3604C84D13C5E006006E154C /* InputDispatcher.cpp */,
				3604C84E13C5E006006E154C /* InputDispatcher.h */,
				63413DBB1518A306009E763C /* InputDispatcher.mm */,
				3604C84F13C5E006006E154C /* Level.cpp */,
				3604C85013C5E006006E154C /* Level.h */,
				63587A551524762400C2CCA5 /* Notification.cpp */,
				63587A541524760B00C2CCA5 /* Notification.h */,
				36774F2314051AE900213626 /* Range.h */,
				639F04E5146D4FB30026D900 /* RenderState.h */,
				6390E8A514816E6600ECDD87 /* ResourceManager.h */,
				6390E8A714816E7C00ECDD87 /* ResourceManager.mm */,
				3604C85213C5E006006E154C /* Scenario.cpp */,
				3604C85313C5E006006E154C /* Scenario.h */,
				63B09A17148DB15100433932 /* Shaders */,
				3640013914111F8F00849904 /* SignalsAndSlots.h */,
				3684605C140519AD00724774 /* Stopwatch.cpp */,
				36774F2114051A1C00213626 /* Stopwatch.h */,
				63CFA080148CF533007ABEE7 /* SvgObject.cpp */,
				63CFA081148CF533007ABEE7 /* SvgObject.h */,
				639F04E6146D4FBD0026D900 /* TimeState.h */,
				630217F015209D990082BA6B /* UIStack.cpp */,
				630217F115209D990082BA6B /* UIStack.h */,
				3604C85413C5E006006E154C /* Viewport.cpp */,
				3604C85513C5E006006E154C /* Viewport.h */,
			);
			path = Core;
			sourceTree = "<group>";
		};
		36204FEB13C71E330032FF7B /* Effects */ = {
			isa = PBXGroup;
			children = (
				36204FEC13C71E520032FF7B /* Background.cpp */,
				36204FED13C71E520032FF7B /* Background.h */,
				63509909147C61CB00DCB5D7 /* Fluid.cpp */,
				63509908147C61C300DCB5D7 /* Fluid.h */,
				6363462E14CF28D20013BEA1 /* MotileFluid.cpp */,
				6363462D14CF28AD0013BEA1 /* MotileFluid.h */,
				3646F3C313D6EC30006BB47B /* ParticleSystem.cpp */,
				3646F3C413D6EC30006BB47B /* ParticleSystem.h */,
				639F05031472E6220026D900 /* Shaders */,
			);
			path = Effects;
			sourceTree = "<group>";
		};
		630217EF15209D8B0082BA6B /* UI */ = {
			isa = PBXGroup;
			children = (
				630217FA1521E44C0082BA6B /* Shaders */,
				630217F31520F2090082BA6B /* PlayerHud.h */,
				630217F41520F2EC0082BA6B /* PlayerHud.cpp */,
			);
			path = UI;
			sourceTree = "<group>";
		};
		630217FA1521E44C0082BA6B /* Shaders */ = {
			isa = PBXGroup;
			children = (
				63C71423153302C3003F0EA5 /* RotaryDialIconShader.vert */,
				63C71425153302CF003F0EA5 /* RotaryDialIconShader.frag */,
				63C7142715330960003F0EA5 /* RotaryDialRingShader.vert */,
				63C714291533096E003F0EA5 /* RotaryDialRingShader.frag */,
			);
			name = Shaders;
			sourceTree = "<group>";
		};
		63052D2B137D4BC8006B88E7 /* Game */ = {
			isa = PBXGroup;
			children = (
				63AD6C451549C90C00A3E4D2 /* ViewportController.cpp */,
				63AD6C461549C90C00A3E4D2 /* ViewportController.h */,
				63E6010A1529D10100A179D3 /* GameNotifications.h */,
				3604C85C13C5E080006E154C /* Game.cpp */,
				3604C85D13C5E080006E154C /* Game.h */,
				639F5A4A14801DC800154576 /* GameComponents.cpp */,
				639F5A4914801D8F00154576 /* GameComponents.h */,
				364413F4142E6EEE008195BD /* GameConstants.h */,
				6310DEEB158A0D3200A46D9F /* GameConstants.cpp */,
				3604C84413C5D7F0006E154C /* GameLevel.cpp */,
				3604C84213C5D71E006E154C /* GameLevel.h */,
				63B8CD1D1536F81E00658DCA /* GameScenario.h */,
				63B8CD1A1536F80100658DCA /* GameScenario.cpp */,
				638EF3F915515CBC00C5E8E0 /* GameBehaviors.h */,
				638EF3FA15515D0D00C5E8E0 /* GameBehaviors.cpp */,
				63A3786815682A5D0093AF09 /* GameAction.h */,
				63A3786915682A720093AF09 /* GameAction.cpp */,
			);
			path = Game;
			sourceTree = "<group>";
		};
		63052D2C137D4BC8006B88E7 /* Island */ = {
			isa = PBXGroup;
			children = (
				63052D38137D4C1F006B88E7 /* FloodFill.h */,
				63052D3E137D4C1F006B88E7 /* MarchingSquares.h */,
				633C2261150A345300C966B2 /* Shaders */,
				63052D3A137D4C1F006B88E7 /* Terrain.cpp */,
				63052D3B137D4C1F006B88E7 /* Terrain.h */,
				364A8E921431F6CA003861E5 /* Terrain_cutting.cpp */,
				63052D39137D4C1F006B88E7 /* Terrain_perimeter.cpp */,
				36628D86140D06FC00DF1E40 /* Terrain_perimeterGreebling.cpp */,
				36F640AE143B284300553B0B /* Terrain_triangulation.cpp */,
				63052D3C137D4C1F006B88E7 /* TerrainRendering.cpp */,
				63052D3D137D4C1F006B88E7 /* TerrainRendering.h */,
				364A8E9714334803003861E5 /* Voxel.h */,
			);
			path = Island;
			sourceTree = "<group>";
		};
		63052D2D137D4BC8006B88E7 /* Monster */ = {
			isa = PBXGroup;
			children = (
				634A49DE14BDB9E6001AAF0B /* Barnacle.cpp */,
				634A49E114BDB9EF001AAF0B /* Barnacle.h */,
				6363296815909E07008E4CE8 /* Urchin.h */,
				630BD6F31493924400C53F30 /* Urchin.cpp */,
				634F8FFE14D490B200791C12 /* Grub.cpp */,
				634F8FFD14D490A600791C12 /* Grub.h */,
				639F5A4D148022ED00154576 /* Monster.cpp */,
				639F5A4C148022C100154576 /* Monster.h */,
				63BBB9D814D0351900B0AA76 /* MotileFluidMonster.cpp */,
				63BBB9D714D034DC00B0AA76 /* MotileFluidMonster.h */,
				636168451499871500A50C51 /* Shaders */,
				63B00BF414AD044A002317DC /* Shoggoth.cpp */,
				63B00BF214AD0438002317DC /* Shoggoth.h */,
				630BD6F61493A48C00C53F30 /* ShubNiggurath.cpp */,
				630BD6F51493A47600C53F30 /* ShubNiggurath.h */,
				63BBB9D514D02FA400B0AA76 /* YogSothoth.cpp */,
				63BBB9D414D02F9900B0AA76 /* YogSothoth.h */,
				6392B8CE157A65DC00DC22B2 /* Centipede.h */,
				6392B8CF157A65EB00DC22B2 /* Centipede.cpp */,
				6392B8DD157F6F5700DC22B2 /* Fronds.h */,
				6392B8DE157F6F6F00DC22B2 /* Fronds.cpp */,
				63C20F0815AEEB6A000A8C3B /* Tongue.h */,
				63C20F0915AEEB76000A8C3B /* Tongue.cpp */,
			);
			path = Monster;
			sourceTree = "<group>";
		};
		63052D2E137D4BC8006B88E7 /* Player */ = {
			isa = PBXGroup;
			children = (
				639F5A45147D26D400154576 /* Shaders */,
				360542221444D18D00438EF3 /* Player.h */,
				360542211444D18D00438EF3 /* Player.cpp */,
				639F5A46147E7FBB00154576 /* Weapon.h */,
				639F5A47147E7FC500154576 /* Weapon.cpp */,
				6330036014E2A0EB00146D07 /* CuttingBeam.h */,
				6330036114E2A0F500146D07 /* CuttingBeam.cpp */,
				6330036314E2A86C00146D07 /* MagnetoBeam.h */,
				6330036414E2A87700146D07 /* MagnetoBeam.cpp */,
				63B8CD151535A71200658DCA /* PlayerSvgAnimator.h */,
				63B8CD181535ABFE00658DCA /* PlayerSvgAnimator.cpp */,
				63BBFEBC154021ED00E5DAB3 /* PlayerPhysics.h */,
				63BBFEBD154021F700E5DAB3 /* PlayerPhysics.cpp */,
			);
			path = Player;
			sourceTree = "<group>";
		};
		633C2261150A345300C966B2 /* Shaders */ = {
			isa = PBXGroup;
			children = (
				3620500113C8A07C0032FF7B /* IslandShader.vert */,
				3620500313C8A0870032FF7B /* IslandShader.frag */,
				6390E8A91482C1FA00ECDD87 /* GreebleShader.vert */,
				6390E8AB1482C20400ECDD87 /* GreebleShader.frag */,
				63B61C4F1495234B006A2836 /* GreebleMaskShader.vert */,
				63B61C5214952357006A2836 /* GreebleMaskShader.frag */,
			);
			name = Shaders;
			sourceTree = "<group>";
		};
		634F266E137C071C002A412F = {
			isa = PBXGroup;
			children = (
				634F2683137C071C002A412F /* Surfacer */,
				634F267C137C071C002A412F /* Dependencies */,
				634F267A137C071C002A412F /* Products */,
			);
			sourceTree = "<group>";
		};
		634F267A137C071C002A412F /* Products */ = {
			isa = PBXGroup;
			children = (
				634F2679137C071C002A412F /* Surfacer.app */,
			);
			name = Products;
			sourceTree = "<group>";
		};
		634F267C137C071C002A412F /* Dependencies */ = {
			isa = PBXGroup;
			children = (
				63B44C221D65209E0060F264 /* Chipmunk6.xcodeproj */,
				634F267F137C071C002A412F /* System */,
			);
			name = Dependencies;
			sourceTree = "<group>";
		};
		634F267F137C071C002A412F /* System */ = {
			isa = PBXGroup;
			children = (
				63B37F2A162A04DC00BAAB39 /* WebKit.framework */,
				634F269A137C097F002A412F /* Accelerate.framework */,
				634F269B137C097F002A412F /* AudioToolbox.framework */,
				634F269C137C097F002A412F /* AudioUnit.framework */,
				634F269D137C097F002A412F /* Carbon.framework */,
				634F269E137C097F002A412F /* CoreAudio.framework */,
				634F269F137C097F002A412F /* CoreVideo.framework */,
				634F26A0137C097F002A412F /* OpenGL.framework */,
				634F26A1137C097F002A412F /* QTKit.framework */,
				634F26A2137C097F002A412F /* QuickTime.framework */,
				634F267D137C071C002A412F /* Cocoa.framework */,
				634F2680137C071C002A412F /* AppKit.framework */,
				634F2681137C071C002A412F /* CoreData.framework */,
				634F2682137C071C002A412F /* Foundation.framework */,
			);
			name = System;
			sourceTree = "<group>";
		};
		634F2683137C071C002A412F /* Surfacer */ = {
			isa = PBXGroup;
			children = (
				3604C84613C5DFE2006E154C /* Core */,
				36204FEB13C71E330032FF7B /* Effects */,
				63052D2B137D4BC8006B88E7 /* Game */,
				63052D2C137D4BC8006B88E7 /* Island */,
				638642F2137C0A13005B485B /* main.cpp */,
				63052D2D137D4BC8006B88E7 /* Monster */,
				63052D2E137D4BC8006B88E7 /* Player */,
				634F2684137C071C002A412F /* Supporting Files */,
				6351F0D2137EC19000814354 /* TestScenarios */,
				63AD6C391549C8D500A3E4D2 /* Things */,
				63EBC88814E0B6D4008B5E32 /* Toolkit */,
				630217EF15209D8B0082BA6B /* UI */,
				D45E1FA613AA7D0F0064359F /* Util */,
			);
			path = Surfacer;
			sourceTree = "<group>";
		};
		634F2684137C071C002A412F /* Supporting Files */ = {
			isa = PBXGroup;
			children = (
				634F2685137C071C002A412F /* Surfacer-Info.plist */,
				634F2689137C071C002A412F /* Surfacer-Prefix.pch */,
			);
			name = "Supporting Files";
			sourceTree = "<group>";
		};
		6351F0D2137EC19000814354 /* TestScenarios */ = {
			isa = PBXGroup;
			children = (
				6351F0D7137EDA6200814354 /* CuttingTestScenario.cpp */,
				6351F0D8137EDA6200814354 /* CuttingTestScenario.h */,
				63CFA089148D619B007ABEE7 /* MonsterPlaygroundScenario.h */,
				63CFA08A148D61B1007ABEE7 /* MonsterPlaygroundScenario.cpp */,
				630217FB1523293C0082BA6B /* UIPlaygroundScenario.h */,
				630217FC152329480082BA6B /* UIPlaygroundScenario.cpp */,
				635B0D1C155C1B3D00A1E935 /* SensorTestScenario.h */,
				635B0D1D155C1B4800A1E935 /* SensorTestScenario.cpp */,
				633D6D5E15875A420031CC0A /* LevelLoadingScenario.h */,
				633D6D5F15875A4D0031CC0A /* LevelLoadingScenario.cpp */,
			);
			path = TestScenarios;
			sourceTree = "<group>";
		};
		636168451499871500A50C51 /* Shaders */ = {
			isa = PBXGroup;
			children = (
				363544DC13DEE37A00BC08ED /* MiasmaParticleShader.frag */,
				363544DD13DEE37A00BC08ED /* MiasmaParticleShader.vert */,
				36012A3413D5AAD600124E4A /* TentacleShader.vert */,
				36012A3613D5AAE000124E4A /* TentacleShader.frag */,
				634F900014D58EB000791C12 /* GrubShader.vert */,
				634F900214D58EBB00791C12 /* GrubShader.frag */,
				6392B8D1157A689900DC22B2 /* CentipedeShader.vert */,
				6392B8D2157A68A900DC22B2 /* CentipedeShader.frag */,
			);
			name = Shaders;
			sourceTree = "<group>";
		};
		6361685414A3677700A50C51 /* Helpers */ = {
			isa = PBXGroup;
			children = (
				6361685214A3660F00A50C51 /* MathHelpers.h */,
				6361685314A3662D00A50C51 /* ChipmunkHelpers.h */,
				6361685514A367AD00A50C51 /* StringHelpers.h */,
				634E2C80154EB1F2000D3B61 /* ChipmunkHelpers.cpp */,
			);
			name = Helpers;
			sourceTree = "<group>";
		};
		639F05031472E6220026D900 /* Shaders */ = {
			isa = PBXGroup;
			children = (
				36204FF513C87B450032FF7B /* BackgroundShader.vert */,
				3646F3C613D6F7C8006BB47B /* ParticleShader.vert */,
				3646F3C813D6F7D2006BB47B /* ParticleShader.frag */,
				6350990D147C7AB800DCB5D7 /* FluidParticleShader.vert */,
				6350990F147C7AC500DCB5D7 /* FluidParticleShader.frag */,
				6377FF4C147C812E00AC9AFC /* FluidCompositor.vert */,
				6377FF4F147C813D00AC9AFC /* FluidCompositor_ToneMap.frag */,
				637782F015DBC01900554555 /* FluidCompositor_Background.frag */,
				637782F215DBCB1E00554555 /* FluidCompositor_ToneMapAndBackground.frag */,
				63751C4E14B5D20900E8A183 /* BackgroundShader1.frag */,
				63751C5114B5D21500E8A183 /* BackgroundShader2.frag */,
				63751C5314B5D22400E8A183 /* BackgroundShader3.frag */,
			);
			name = Shaders;
			sourceTree = "<group>";
		};
		639F5A45147D26D400154576 /* Shaders */ = {
			isa = PBXGroup;
			children = (
				3673B7871447011200866813 /* CuttingBeamShader.frag */,
				3673B7881447011200866813 /* CuttingBeamShader.vert */,
				638A040814F664B300E53884 /* MagnetoBeamShader.vert */,
				638A040A14F664C800E53884 /* MagnetoBeamShader.frag */,
			);
			name = Shaders;
			sourceTree = "<group>";
		};
		63AD6C391549C8D500A3E4D2 /* Things */ = {
			isa = PBXGroup;
			children = (
				63AD6C521549C9CB00A3E4D2 /* Shaders */,
				63AD6C481549C99300A3E4D2 /* Mirror.cpp */,
				63AD6C491549C99300A3E4D2 /* Mirror.h */,
				63AD6C4C1549C99300A3E4D2 /* PowerUp.cpp */,
				63AD6C4D1549C99300A3E4D2 /* PowerUp.h */,
				366195D815546815001A3C82 /* PowerPlatform.h */,
				366195D915546822001A3C82 /* PowerPlatform.cpp */,
				635B0D191557F79900A1E935 /* Sensor.h */,
				635B0D1A1559454F00A1E935 /* Sensor.cpp */,
				63007756158B51AD00D12FD8 /* PowerCell.h */,
				63007757158B51D000D12FD8 /* PowerCell.cpp */,
				6348539C161DB21E0063F2B8 /* Actions.cpp */,
				6348539D161DB21E0063F2B8 /* Actions.h */,
			);
			path = Things;
			sourceTree = "<group>";
		};
		63AD6C521549C9CB00A3E4D2 /* Shaders */ = {
			isa = PBXGroup;
			children = (
				63AD6C4A1549C99300A3E4D2 /* MirrorRotationOverlayShader.frag */,
				63AD6C4B1549C99300A3E4D2 /* MirrorRotationOverlayShader.vert */,
			);
			name = Shaders;
			sourceTree = "<group>";
		};
		63B09A17148DB15100433932 /* Shaders */ = {
			isa = PBXGroup;
			children = (
				633C224B150A290C00C966B2 /* ColorAdjustmentFilter.frag */,
				633C224C150A290D00C966B2 /* FilterPassthrough.vert */,
				633C2251150A290D00C966B2 /* GaussianBlurFilter_Horizontal.frag */,
				633C2252150A290D00C966B2 /* GaussianBlurFilter_Vertical.frag */,
				633C2253150A290D00C966B2 /* GradientMapFilter.frag */,
				633C2254150A290D00C966B2 /* NoiseFilter.frag */,
				633C2255150A290E00C966B2 /* PalettizingFilter_RGB.frag */,
				633C2256150A290E00C966B2 /* PalettizingFilter_YUV.frag */,
				6359E4691548229E00076E75 /* PalettizingFilter_HSL.frag */,
				63B09A12148DB0F100433932 /* SvgPassthroughShader.vert */,
				63B09A15148DB10000433932 /* SvgPassthroughShader.frag */,
				36C4AB101526567F0044CF91 /* FilterPassthrough.frag */,
				63B8CD12153456C800658DCA /* DamagedMonitorFilter.frag */,
			);
			name = Shaders;
			sourceTree = "<group>";
		};
		63B44C231D65209E0060F264 /* Products */ = {
			isa = PBXGroup;
			children = (
				63B44C291D65209E0060F264 /* ChipmunkDemo.app */,
				63B44C2B1D65209E0060F264 /* libChipmunk.a */,
				63B44C2D1D65209E0060F264 /* libChipmunk-iPhone.a */,
			);
			name = Products;
			sourceTree = "<group>";
		};
		63EBC88814E0B6D4008B5E32 /* Toolkit */ = {
			isa = PBXGroup;
			children = (
				63EBC88914E0B6E4008B5E32 /* SurfacerApp.h */,
				63EBC88A14E0B6F1008B5E32 /* SurfacerApp.mm */,
			);
			path = Toolkit;
			sourceTree = "<group>";
		};
		D45E1FA613AA7D0F0064359F /* Util */ = {
			isa = PBXGroup;
			children = (
				63B37F24162A039700BAAB39 /* RichText.h */,
				63B37F25162A039700BAAB39 /* RichText.mm */,
				63B37F26162A039700BAAB39 /* WebkitRenderer_Impl.h */,
				63B37F27162A039700BAAB39 /* WebkitRenderer_Impl.mm */,
				638A040514F519B900E53884 /* PerlinNoise.cpp */,
				638A040614F519B900E53884 /* PerlinNoise.h */,
				63CFA084148CF541007ABEE7 /* SvgParsing.cpp */,
				63CFA085148CF541007ABEE7 /* SvgParsing.h */,
				6390E8B41483C44200ECDD87 /* StringLib.h */,
				D45E1FA713AA7D0F0064359F /* LineSegment.h */,
				D45E1FA813AA7D0F0064359F /* PathInterpolator.h */,
				D45E1FA913AA7D0F0064359F /* ShapeOptimization.h */,
				D45E1FAA13AA7D0F0064359F /* Spring.h */,
				D45E1FAB13AA7D0F0064359F /* Transform.h */,
				36B9EC3A13BB40DD00A61D67 /* ImageProcessing.h */,
				36C7A635142127D000899E33 /* FastTrig.h */,
				63BB593614978BBC00D2250B /* Spline.h */,
				634A49E914BDDA24001AAF0B /* ChipmunkDebugDraw.h */,
				634A49EA14BDDA33001AAF0B /* ChipmunkDebugDraw.cpp */,
				632CA315151369B800989918 /* Flicker.h */,
				632CA316151369D400989918 /* Flicker.cpp */,
				365C817D1552A982007EAC27 /* LineChunking.h */,
				639C92C5156C0F3700CF349C /* JsonUtils.h */,
				639C92C6156C0F6200CF349C /* JsonUtils.cpp */,
			);
			path = Util;
			sourceTree = "<group>";
		};
/* End PBXGroup section */

/* Begin PBXNativeTarget section */
		634F2678137C071C002A412F /* Surfacer */ = {
			isa = PBXNativeTarget;
			buildConfigurationList = 634F2697137C071D002A412F /* Build configuration list for PBXNativeTarget "Surfacer" */;
			buildPhases = (
				634F2675137C071C002A412F /* Sources */,
				634F2676137C071C002A412F /* Frameworks */,
				634F2677137C071C002A412F /* Resources */,
			);
			buildRules = (
			);
			dependencies = (
			);
			name = Surfacer;
			productName = Surfacer;
			productReference = 634F2679137C071C002A412F /* Surfacer.app */;
			productType = "com.apple.product-type.application";
		};
/* End PBXNativeTarget section */

/* Begin PBXProject section */
		634F2670137C071C002A412F /* Project object */ = {
			isa = PBXProject;
			attributes = {
				LastUpgradeCheck = 0450;
			};
			buildConfigurationList = 634F2673137C071C002A412F /* Build configuration list for PBXProject "Surfacer" */;
			compatibilityVersion = "Xcode 3.2";
			developmentRegion = English;
			hasScannedForEncodings = 0;
			knownRegions = (
				en,
			);
			mainGroup = 634F266E137C071C002A412F;
			productRefGroup = 634F267A137C071C002A412F /* Products */;
			projectDirPath = "";
			projectReferences = (
				{
					ProductGroup = 63B44C231D65209E0060F264 /* Products */;
					ProjectRef = 63B44C221D65209E0060F264 /* Chipmunk6.xcodeproj */;
				},
			);
			projectRoot = "";
			targets = (
				634F2678137C071C002A412F /* Surfacer */,
			);
		};
/* End PBXProject section */

/* Begin PBXReferenceProxy section */
		63B44C291D65209E0060F264 /* ChipmunkDemo.app */ = {
			isa = PBXReferenceProxy;
			fileType = wrapper.application;
			path = ChipmunkDemo.app;
			remoteRef = 63B44C281D65209E0060F264 /* PBXContainerItemProxy */;
			sourceTree = BUILT_PRODUCTS_DIR;
		};
		63B44C2B1D65209E0060F264 /* libChipmunk.a */ = {
			isa = PBXReferenceProxy;
			fileType = archive.ar;
			path = libChipmunk.a;
			remoteRef = 63B44C2A1D65209E0060F264 /* PBXContainerItemProxy */;
			sourceTree = BUILT_PRODUCTS_DIR;
		};
		63B44C2D1D65209E0060F264 /* libChipmunk-iPhone.a */ = {
			isa = PBXReferenceProxy;
			fileType = archive.ar;
			path = "libChipmunk-iPhone.a";
			remoteRef = 63B44C2C1D65209E0060F264 /* PBXContainerItemProxy */;
			sourceTree = BUILT_PRODUCTS_DIR;
		};
/* End PBXReferenceProxy section */

/* Begin PBXResourcesBuildPhase section */
		634F2677137C071C002A412F /* Resources */ = {
			isa = PBXResourcesBuildPhase;
			buildActionMask = 2147483647;
			files = (
				637782F315DBCB1E00554555 /* FluidCompositor_ToneMapAndBackground.frag in Resources */,
				637782F115DBC01900554555 /* FluidCompositor_Background.frag in Resources */,
				63AD6C4F1549C99300A3E4D2 /* MirrorRotationOverlayShader.frag in Resources */,
				63AD6C501549C99300A3E4D2 /* MirrorRotationOverlayShader.vert in Resources */,
				63C7142815330960003F0EA5 /* RotaryDialRingShader.vert in Resources */,
				63C7142A1533096E003F0EA5 /* RotaryDialRingShader.frag in Resources */,
				63C71424153302C3003F0EA5 /* RotaryDialIconShader.vert in Resources */,
				63C71426153302CF003F0EA5 /* RotaryDialIconShader.frag in Resources */,
				36C4AB111526567F0044CF91 /* FilterPassthrough.frag in Resources */,
				633C2257150A295A00C966B2 /* ColorAdjustmentFilter.frag in Resources */,
				633C2258150A295A00C966B2 /* FilterPassthrough.vert in Resources */,
				633C2259150A295A00C966B2 /* GaussianBlurFilter_Horizontal.frag in Resources */,
				633C225A150A295A00C966B2 /* GaussianBlurFilter_Vertical.frag in Resources */,
				633C225B150A295A00C966B2 /* GradientMapFilter.frag in Resources */,
				633C225C150A295A00C966B2 /* NoiseFilter.frag in Resources */,
				633C225D150A295A00C966B2 /* PalettizingFilter_RGB.frag in Resources */,
				633C225E150A295A00C966B2 /* PalettizingFilter_YUV.frag in Resources */,
				6390E8AA1482C1FA00ECDD87 /* GreebleShader.vert in Resources */,
				6390E8AC1482C20400ECDD87 /* GreebleShader.frag in Resources */,
				6350990E147C7AB800DCB5D7 /* FluidParticleShader.vert in Resources */,
				63B09A13148DB0F100433932 /* SvgPassthroughShader.vert in Resources */,
				6359E46A1548229E00076E75 /* PalettizingFilter_HSL.frag in Resources */,
				63B09A16148DB10000433932 /* SvgPassthroughShader.frag in Resources */,
				63509910147C7AC500DCB5D7 /* FluidParticleShader.frag in Resources */,
				634F900114D58EB000791C12 /* GrubShader.vert in Resources */,
				634F900314D58EBB00791C12 /* GrubShader.frag in Resources */,
				63751C4F14B5D20900E8A183 /* BackgroundShader1.frag in Resources */,
				63751C5214B5D21600E8A183 /* BackgroundShader2.frag in Resources */,
				63751C5414B5D22400E8A183 /* BackgroundShader3.frag in Resources */,
				3673B7891447011200866813 /* CuttingBeamShader.frag in Resources */,
				3673B78A1447011200866813 /* CuttingBeamShader.vert in Resources */,
				63B61C501495234B006A2836 /* GreebleMaskShader.vert in Resources */,
				63B61C5314952357006A2836 /* GreebleMaskShader.frag in Resources */,
				363544DE13DEE37A00BC08ED /* MiasmaParticleShader.frag in Resources */,
				363544DF13DEE37A00BC08ED /* MiasmaParticleShader.vert in Resources */,
				3646F3C713D6F7C8006BB47B /* ParticleShader.vert in Resources */,
				3646F3C913D6F7D2006BB47B /* ParticleShader.frag in Resources */,
				36012A3513D5AAD600124E4A /* TentacleShader.vert in Resources */,
				63B8CD13153456C800658DCA /* DamagedMonitorFilter.frag in Resources */,
				36012A3713D5AAE000124E4A /* TentacleShader.frag in Resources */,
				36204FF913C87E1A0032FF7B /* BackgroundShader.vert in Resources */,
				3620500213C8A07C0032FF7B /* IslandShader.vert in Resources */,
				3620500413C8A0870032FF7B /* IslandShader.frag in Resources */,
				6377FF4D147C812E00AC9AFC /* FluidCompositor.vert in Resources */,
				6377FF50147C813D00AC9AFC /* FluidCompositor_ToneMap.frag in Resources */,
				638A040914F664B300E53884 /* MagnetoBeamShader.vert in Resources */,
				638A040B14F664C800E53884 /* MagnetoBeamShader.frag in Resources */,
				6392B8D3157A68DC00DC22B2 /* CentipedeShader.vert in Resources */,
				6392B8D4157A68E000DC22B2 /* CentipedeShader.frag in Resources */,
			);
			runOnlyForDeploymentPostprocessing = 0;
		};
/* End PBXResourcesBuildPhase section */

/* Begin PBXSourcesBuildPhase section */
		634F2675137C071C002A412F /* Sources */ = {
			isa = PBXSourcesBuildPhase;
			buildActionMask = 2147483647;
			files = (
				633C225F150A2DC300C966B2 /* Filters.cpp in Sources */,
				633C2260150A2DC300C966B2 /* FilterStack.cpp in Sources */,
				638642F4137C0A13005B485B /* main.cpp in Sources */,
				63052D40137D4C1F006B88E7 /* Terrain_perimeter.cpp in Sources */,
				63052D41137D4C1F006B88E7 /* Terrain.cpp in Sources */,
				63052D42137D4C1F006B88E7 /* TerrainRendering.cpp in Sources */,
				6351F0D9137EDA6200814354 /* CuttingTestScenario.cpp in Sources */,
				3604C84513C5D7F0006E154C /* GameLevel.cpp in Sources */,
				3604C85613C5E006006E154C /* Common.cpp in Sources */,
				3604C85713C5E006006E154C /* GameObject.cpp in Sources */,
				3604C85813C5E006006E154C /* InputDispatcher.cpp in Sources */,
				3604C85913C5E006006E154C /* Level.cpp in Sources */,
				3604C85A13C5E006006E154C /* Scenario.cpp in Sources */,
				3604C85B13C5E006006E154C /* Viewport.cpp in Sources */,
				3604C85E13C5E080006E154C /* Game.cpp in Sources */,
				36204FEE13C71E520032FF7B /* Background.cpp in Sources */,
				3646F3C513D6EC30006BB47B /* ParticleSystem.cpp in Sources */,
				3684605D140519AD00724774 /* Stopwatch.cpp in Sources */,
				369173491407C2C500299218 /* CollisionDispatcher.cpp in Sources */,
				36628D88140D06FC00DF1E40 /* Terrain_perimeterGreebling.cpp in Sources */,
				364A8E941431F6CA003861E5 /* Terrain_cutting.cpp in Sources */,
				36F640B0143B284300553B0B /* Terrain_triangulation.cpp in Sources */,
				360542231444D18D00438EF3 /* Player.cpp in Sources */,
				639F04E4146D4EDD0026D900 /* Components.cpp in Sources */,
				6350990A147C61CC00DCB5D7 /* Fluid.cpp in Sources */,
				639F5A48147E7FC500154576 /* Weapon.cpp in Sources */,
				639F5A4B14801DC800154576 /* GameComponents.cpp in Sources */,
				639F5A4E148022ED00154576 /* Monster.cpp in Sources */,
				6390E8A814816E7C00ECDD87 /* ResourceManager.mm in Sources */,
				63CFA082148CF533007ABEE7 /* SvgObject.cpp in Sources */,
				63CFA086148CF541007ABEE7 /* SvgParsing.cpp in Sources */,
				63CFA08B148D61B1007ABEE7 /* MonsterPlaygroundScenario.cpp in Sources */,
				630BD6F11490E1B500C53F30 /* DrawDispatcher.cpp in Sources */,
				630BD6F41493924400C53F30 /* Urchin.cpp in Sources */,
				630BD6F71493A48D00C53F30 /* ShubNiggurath.cpp in Sources */,
				63B00BF514AD044A002317DC /* Shoggoth.cpp in Sources */,
				634A49DF14BDB9E6001AAF0B /* Barnacle.cpp in Sources */,
				634A49EB14BDDA33001AAF0B /* ChipmunkDebugDraw.cpp in Sources */,
				6363462F14CF28D20013BEA1 /* MotileFluid.cpp in Sources */,
				63BBB9D614D02FA400B0AA76 /* YogSothoth.cpp in Sources */,
				63BBB9D914D0351900B0AA76 /* MotileFluidMonster.cpp in Sources */,
				634F8FFF14D490B200791C12 /* Grub.cpp in Sources */,
				63EBC88B14E0B6F1008B5E32 /* SurfacerApp.mm in Sources */,
				6330036214E2A0F500146D07 /* CuttingBeam.cpp in Sources */,
				6330036514E2A87800146D07 /* MagnetoBeam.cpp in Sources */,
				638A040714F519B900E53884 /* PerlinNoise.cpp in Sources */,
				632CA317151369D400989918 /* Flicker.cpp in Sources */,
				63413DBC1518A306009E763C /* InputDispatcher.mm in Sources */,
				630217F215209D990082BA6B /* UIStack.cpp in Sources */,
				630217F51520F2EC0082BA6B /* PlayerHud.cpp in Sources */,
				630217FD152329480082BA6B /* UIPlaygroundScenario.cpp in Sources */,
				63587A561524762400C2CCA5 /* Notification.cpp in Sources */,
				63B8CD191535ABFF00658DCA /* PlayerSvgAnimator.cpp in Sources */,
				63B8CD1B1536F80100658DCA /* GameScenario.cpp in Sources */,
				63BBFEBE154021F700E5DAB3 /* PlayerPhysics.cpp in Sources */,
				63AD6C471549C90C00A3E4D2 /* ViewportController.cpp in Sources */,
				63AD6C4E1549C99300A3E4D2 /* Mirror.cpp in Sources */,
				63AD6C511549C99300A3E4D2 /* PowerUp.cpp in Sources */,
				634E2C81154EB1F2000D3B61 /* ChipmunkHelpers.cpp in Sources */,
				638EF3FB15515D0D00C5E8E0 /* GameBehaviors.cpp in Sources */,
				366195DA15546822001A3C82 /* PowerPlatform.cpp in Sources */,
				635B0D1B1559454F00A1E935 /* Sensor.cpp in Sources */,
				635B0D1E155C1B4800A1E935 /* SensorTestScenario.cpp in Sources */,
				63A3786A15682A720093AF09 /* GameAction.cpp in Sources */,
				639C92C4156AEFA200CF349C /* Classloader.cpp in Sources */,
				639C92C7156C0F6200CF349C /* JsonUtils.cpp in Sources */,
				6392B8D0157A65EC00DC22B2 /* Centipede.cpp in Sources */,
				6392B8DF157F6F7000DC22B2 /* Fronds.cpp in Sources */,
				633D6D6015875A4D0031CC0A /* LevelLoadingScenario.cpp in Sources */,
				6310DEEC158A0D3200A46D9F /* GameConstants.cpp in Sources */,
				63007758158B51D000D12FD8 /* PowerCell.cpp in Sources */,
				63C20F0A15AEEB76000A8C3B /* Tongue.cpp in Sources */,
				6348539E161DB21E0063F2B8 /* Actions.cpp in Sources */,
				63B37F28162A039700BAAB39 /* RichText.mm in Sources */,
				63B37F29162A039700BAAB39 /* WebkitRenderer_Impl.mm in Sources */,
			);
			runOnlyForDeploymentPostprocessing = 0;
		};
/* End PBXSourcesBuildPhase section */

/* Begin XCBuildConfiguration section */
		634F2695137C071D002A412F /* Debug */ = {
			isa = XCBuildConfiguration;
			buildSettings = {
				ARCHS = "$(ARCHS_STANDARD_32_BIT)";
				CHIPMUNK_PATH = "$(SOURCE_ROOT)/vendor/Chipmunk/Chipmunk-6.2.1";
				CINDER_PATH = "$(SOURCE_ROOT)/vendor/cinder_0.9.0_mac";
				GCC_INLINES_ARE_PRIVATE_EXTERN = NO;
				GCC_OPTIMIZATION_LEVEL = 0;
				GCC_SYMBOLS_PRIVATE_EXTERN = NO;
				HEADER_SEARCH_PATHS = (
					"$(CINDER_PATH)/include",
					"$(CINDER_PATH)/boost",
					"$(CHIPMUNK_PATH)/include",
				);
				ONLY_ACTIVE_ARCH = YES;
				OTHER_CFLAGS = "-DCP_USE_DOUBLES=0";
				OTHER_LDFLAGS = "\"$(CINDER_PATH)/lib/libcinder_d.a\"";
				POLY2TRI_PATH = "$(SOURCE_ROOT)/vendor/Poly2Tri";
				SDKROOT = macosx;
			};
			name = Debug;
		};
		634F2696137C071D002A412F /* Release */ = {
			isa = XCBuildConfiguration;
			buildSettings = {
				ARCHS = "$(ARCHS_STANDARD_32_BIT)";
				CHIPMUNK_PATH = "$(SOURCE_ROOT)/vendor/Chipmunk/Chipmunk-6.2.1";
				CINDER_PATH = "$(SOURCE_ROOT)/vendor/cinder_0.9.0_mac";
				GCC_INLINES_ARE_PRIVATE_EXTERN = NO;
				GCC_SYMBOLS_PRIVATE_EXTERN = NO;
				HEADER_SEARCH_PATHS = (
					"$(CINDER_PATH)/include",
					"$(CINDER_PATH)/boost",
					"$(CHIPMUNK_PATH)/include",
				);
				ONLY_ACTIVE_ARCH = YES;
				OTHER_CFLAGS = "-DCP_USE_DOUBLES=0";
				OTHER_LDFLAGS = "\"$(CINDER_PATH)/lib/libcinder.a\"";
				POLY2TRI_PATH = "$(SOURCE_ROOT)/vendor/Poly2Tri";
				SDKROOT = macosx;
			};
			name = Release;
		};
		634F2698137C071D002A412F /* Debug */ = {
			isa = XCBuildConfiguration;
			buildSettings = {
				CLANG_CXX_LIBRARY = "libc++";
				COMBINE_HIDPI_IMAGES = YES;
				COPY_PHASE_STRIP = NO;
				GCC_ENABLE_OBJC_EXCEPTIONS = YES;
				GCC_PRECOMPILE_PREFIX_HEADER = YES;
				GCC_PREFIX_HEADER = "Surfacer/Surfacer-Prefix.pch";
				INFOPLIST_FILE = "Surfacer/Surfacer-Info.plist";
				PRODUCT_NAME = "$(TARGET_NAME)";
				WRAPPER_EXTENSION = app;
			};
			name = Debug;
		};
		634F2699137C071D002A412F /* Release */ = {
			isa = XCBuildConfiguration;
			buildSettings = {
				CLANG_CXX_LIBRARY = "libc++";
				COMBINE_HIDPI_IMAGES = YES;
				COPY_PHASE_STRIP = YES;
				GCC_ENABLE_OBJC_EXCEPTIONS = YES;
				GCC_PRECOMPILE_PREFIX_HEADER = YES;
				GCC_PREFIX_HEADER = "Surfacer/Surfacer-Prefix.pch";
				INFOPLIST_FILE = "Surfacer/Surfacer-Info.plist";
				PRODUCT_NAME = "$(TARGET_NAME)";
				WRAPPER_EXTENSION = app;
			};
			name = Release;
		};
/* End XCBuildConfiguration section */

/* Begin XCConfigurationList section */
		634F2673137C071C002A412F /* Build configuration list for PBXProject "Surfacer" */ = {
			isa = XCConfigurationList;
			buildConfigurations = (
				634F2695137C071D002A412F /* Debug */,
				634F2696137C071D002A412F /* Release */,
			);
			defaultConfigurationIsVisible = 0;
			defaultConfigurationName = Release;
		};
		634F2697137C071D002A412F /* Build configuration list for PBXNativeTarget "Surfacer" */ = {
			isa = XCConfigurationList;
			buildConfigurations = (
				634F2698137C071D002A412F /* Debug */,
				634F2699137C071D002A412F /* Release */,
			);
			defaultConfigurationIsVisible = 0;
			defaultConfigurationName = Release;
		};
/* End XCConfigurationList section */
	};
	rootObject = 634F2670137C071C002A412F /* Project object */;
}
