// !$*UTF8*$!
{
	archiveVersion = 1;
	classes = {
	};
	objectVersion = 46;
	objects = {

/* Begin PBXBuildFile section */
		006D720419952D00008149E2 /* AVFoundation.framework in Frameworks */ = {isa = PBXBuildFile; fileRef = 006D720219952D00008149E2 /* AVFoundation.framework */; };
		006D720519952D00008149E2 /* CoreMedia.framework in Frameworks */ = {isa = PBXBuildFile; fileRef = 006D720319952D00008149E2 /* CoreMedia.framework */; };
		0091D8F90E81B9330029341E /* OpenGL.framework in Frameworks */ = {isa = PBXBuildFile; fileRef = 0091D8F80E81B9330029341E /* OpenGL.framework */; };
		00B784B30FF439BC000DE1D7 /* Accelerate.framework in Frameworks */ = {isa = PBXBuildFile; fileRef = 00B784AF0FF439BC000DE1D7 /* Accelerate.framework */; };
		00B784B40FF439BC000DE1D7 /* AudioToolbox.framework in Frameworks */ = {isa = PBXBuildFile; fileRef = 00B784B00FF439BC000DE1D7 /* AudioToolbox.framework */; };
		00B784B50FF439BC000DE1D7 /* AudioUnit.framework in Frameworks */ = {isa = PBXBuildFile; fileRef = 00B784B10FF439BC000DE1D7 /* AudioUnit.framework */; };
		00B784B60FF439BC000DE1D7 /* CoreAudio.framework in Frameworks */ = {isa = PBXBuildFile; fileRef = 00B784B20FF439BC000DE1D7 /* CoreAudio.framework */; };
		00B9955A1B128DF400A5C623 /* IOKit.framework in Frameworks */ = {isa = PBXBuildFile; fileRef = 00B995581B128DF400A5C623 /* IOKit.framework */; };
		00B9955B1B128DF400A5C623 /* IOSurface.framework in Frameworks */ = {isa = PBXBuildFile; fileRef = 00B995591B128DF400A5C623 /* IOSurface.framework */; };
		5323E6B20EAFCA74003A9687 /* CoreVideo.framework in Frameworks */ = {isa = PBXBuildFile; fileRef = 5323E6B10EAFCA74003A9687 /* CoreVideo.framework */; };
		632064211E9FB84F00C84686 /* GameLevel.cpp in Sources */ = {isa = PBXBuildFile; fileRef = 6320641F1E9FB84F00C84686 /* GameLevel.cpp */; };
		632064241EA05BB400C84686 /* GameLevelTestScenario.cpp in Sources */ = {isa = PBXBuildFile; fileRef = 632064221EA05BB400C84686 /* GameLevelTestScenario.cpp */; };
		63254AEC1E8ABD6800AFED94 /* LevelTestScenario.cpp in Sources */ = {isa = PBXBuildFile; fileRef = 63254AEA1E8ABD6800AFED94 /* LevelTestScenario.cpp */; };
		632623151E7D9A630051ABE2 /* ChipmunkHelpers.cpp in Sources */ = {isa = PBXBuildFile; fileRef = 632622EE1E7D9A630051ABE2 /* ChipmunkHelpers.cpp */; };
		632623171E7D9A630051ABE2 /* InputDispatcher.cpp in Sources */ = {isa = PBXBuildFile; fileRef = 632622F31E7D9A630051ABE2 /* InputDispatcher.cpp */; };
		632623181E7D9A630051ABE2 /* Scenario.cpp in Sources */ = {isa = PBXBuildFile; fileRef = 632622F81E7D9A630051ABE2 /* Scenario.cpp */; };
		632623191E7D9A630051ABE2 /* Viewport.cpp in Sources */ = {isa = PBXBuildFile; fileRef = 632622FF1E7D9A630051ABE2 /* Viewport.cpp */; };
		6326231A1E7D9A630051ABE2 /* ViewportController.cpp in Sources */ = {isa = PBXBuildFile; fileRef = 632623011E7D9A630051ABE2 /* ViewportController.cpp */; };
		6326231B1E7D9A630051ABE2 /* GameApp.cpp in Sources */ = {isa = PBXBuildFile; fileRef = 632623041E7D9A630051ABE2 /* GameApp.cpp */; };
		6326231D1E7D9A630051ABE2 /* main.cpp in Sources */ = {isa = PBXBuildFile; fileRef = 632623081E7D9A630051ABE2 /* main.cpp */; };
		632623201E7D9A630051ABE2 /* TerrainTestScenario.cpp in Sources */ = {isa = PBXBuildFile; fileRef = 6326230E1E7D9A630051ABE2 /* TerrainTestScenario.cpp */; };
		632623221E7D9A630051ABE2 /* SvgParsing.cpp in Sources */ = {isa = PBXBuildFile; fileRef = 632623131E7D9A630051ABE2 /* SvgParsing.cpp */; };
		63711E9F1E8DE4410086332B /* TerrainWorld.cpp in Sources */ = {isa = PBXBuildFile; fileRef = 63711E9D1E8DE4410086332B /* TerrainWorld.cpp */; };
		63711EA21E8DE4900086332B /* Terrain.cpp in Sources */ = {isa = PBXBuildFile; fileRef = 63711EA01E8DE4900086332B /* Terrain.cpp */; };
		639168A81E93E289007FD4FA /* BlendMode.cpp in Sources */ = {isa = PBXBuildFile; fileRef = 639168A71E93E289007FD4FA /* BlendMode.cpp */; };
		639168AE1E952680007FD4FA /* Svg.cpp in Sources */ = {isa = PBXBuildFile; fileRef = 639168AC1E952680007FD4FA /* Svg.cpp */; };
		639168B11E96832A007FD4FA /* SvgTestScenario.cpp in Sources */ = {isa = PBXBuildFile; fileRef = 639168AF1E96832A007FD4FA /* SvgTestScenario.cpp */; };
		63BFD8161E89565600D821E4 /* GameObject.cpp in Sources */ = {isa = PBXBuildFile; fileRef = 63BFD8141E89565600D821E4 /* GameObject.cpp */; };
		63BFD81A1E89ED2A00D821E4 /* Level.cpp in Sources */ = {isa = PBXBuildFile; fileRef = 63BFD8181E89ED2A00D821E4 /* Level.cpp */; };
		8D11072F0486CEB800E47090 /* Cocoa.framework in Frameworks */ = {isa = PBXBuildFile; fileRef = 1058C7A1FEA54F0111CA2CBB /* Cocoa.framework */; };
		C268CB28315B4D8CA1F329A4 /* CinderApp.icns in Resources */ = {isa = PBXBuildFile; fileRef = 25DBEB1187074B2580185053 /* CinderApp.icns */; };
/* End PBXBuildFile section */

/* Begin PBXFileReference section */
		006D720219952D00008149E2 /* AVFoundation.framework */ = {isa = PBXFileReference; lastKnownFileType = wrapper.framework; name = AVFoundation.framework; path = System/Library/Frameworks/AVFoundation.framework; sourceTree = SDKROOT; };
		006D720319952D00008149E2 /* CoreMedia.framework */ = {isa = PBXFileReference; lastKnownFileType = wrapper.framework; name = CoreMedia.framework; path = System/Library/Frameworks/CoreMedia.framework; sourceTree = SDKROOT; };
		0091D8F80E81B9330029341E /* OpenGL.framework */ = {isa = PBXFileReference; lastKnownFileType = wrapper.framework; name = OpenGL.framework; path = /System/Library/Frameworks/OpenGL.framework; sourceTree = "<absolute>"; };
		00B784AF0FF439BC000DE1D7 /* Accelerate.framework */ = {isa = PBXFileReference; lastKnownFileType = wrapper.framework; name = Accelerate.framework; path = System/Library/Frameworks/Accelerate.framework; sourceTree = SDKROOT; };
		00B784B00FF439BC000DE1D7 /* AudioToolbox.framework */ = {isa = PBXFileReference; lastKnownFileType = wrapper.framework; name = AudioToolbox.framework; path = System/Library/Frameworks/AudioToolbox.framework; sourceTree = SDKROOT; };
		00B784B10FF439BC000DE1D7 /* AudioUnit.framework */ = {isa = PBXFileReference; lastKnownFileType = wrapper.framework; name = AudioUnit.framework; path = System/Library/Frameworks/AudioUnit.framework; sourceTree = SDKROOT; };
		00B784B20FF439BC000DE1D7 /* CoreAudio.framework */ = {isa = PBXFileReference; lastKnownFileType = wrapper.framework; name = CoreAudio.framework; path = System/Library/Frameworks/CoreAudio.framework; sourceTree = SDKROOT; };
		00B995581B128DF400A5C623 /* IOKit.framework */ = {isa = PBXFileReference; lastKnownFileType = wrapper.framework; name = IOKit.framework; path = System/Library/Frameworks/IOKit.framework; sourceTree = SDKROOT; };
		00B995591B128DF400A5C623 /* IOSurface.framework */ = {isa = PBXFileReference; lastKnownFileType = wrapper.framework; name = IOSurface.framework; path = System/Library/Frameworks/IOSurface.framework; sourceTree = SDKROOT; };
		0106167B3AC444DC89159381 /* Info.plist */ = {isa = PBXFileReference; lastKnownFileType = text.plist.xml; path = Info.plist; sourceTree = "<group>"; };
		01E2273C0BCD4F049AA16679 /* Surfacer_Prefix.pch */ = {isa = PBXFileReference; lastKnownFileType = "\"\""; path = Surfacer_Prefix.pch; sourceTree = "<group>"; };
		1058C7A1FEA54F0111CA2CBB /* Cocoa.framework */ = {isa = PBXFileReference; lastKnownFileType = wrapper.framework; name = Cocoa.framework; path = /System/Library/Frameworks/Cocoa.framework; sourceTree = "<absolute>"; };
		25DBEB1187074B2580185053 /* CinderApp.icns */ = {isa = PBXFileReference; lastKnownFileType = image.icns; name = CinderApp.icns; path = ../resources/CinderApp.icns; sourceTree = "<group>"; };
		29B97324FDCFA39411CA2CEA /* AppKit.framework */ = {isa = PBXFileReference; lastKnownFileType = wrapper.framework; name = AppKit.framework; path = /System/Library/Frameworks/AppKit.framework; sourceTree = "<absolute>"; };
		29B97325FDCFA39411CA2CEA /* Foundation.framework */ = {isa = PBXFileReference; lastKnownFileType = wrapper.framework; name = Foundation.framework; path = /System/Library/Frameworks/Foundation.framework; sourceTree = "<absolute>"; };
		5323E6B10EAFCA74003A9687 /* CoreVideo.framework */ = {isa = PBXFileReference; lastKnownFileType = wrapper.framework; name = CoreVideo.framework; path = /System/Library/Frameworks/CoreVideo.framework; sourceTree = "<absolute>"; };
		6320641F1E9FB84F00C84686 /* GameLevel.cpp */ = {isa = PBXFileReference; fileEncoding = 4; lastKnownFileType = sourcecode.cpp.cpp; path = GameLevel.cpp; sourceTree = "<group>"; };
		632064201E9FB84F00C84686 /* GameLevel.hpp */ = {isa = PBXFileReference; fileEncoding = 4; lastKnownFileType = sourcecode.cpp.h; path = GameLevel.hpp; sourceTree = "<group>"; };
		632064221EA05BB400C84686 /* GameLevelTestScenario.cpp */ = {isa = PBXFileReference; fileEncoding = 4; lastKnownFileType = sourcecode.cpp.cpp; path = GameLevelTestScenario.cpp; sourceTree = "<group>"; };
		632064231EA05BB400C84686 /* GameLevelTestScenario.hpp */ = {isa = PBXFileReference; fileEncoding = 4; lastKnownFileType = sourcecode.cpp.h; path = GameLevelTestScenario.hpp; sourceTree = "<group>"; };
		63254AEA1E8ABD6800AFED94 /* LevelTestScenario.cpp */ = {isa = PBXFileReference; fileEncoding = 4; lastKnownFileType = sourcecode.cpp.cpp; path = LevelTestScenario.cpp; sourceTree = "<group>"; };
		63254AEB1E8ABD6800AFED94 /* LevelTestScenario.hpp */ = {isa = PBXFileReference; fileEncoding = 4; lastKnownFileType = sourcecode.cpp.h; path = LevelTestScenario.hpp; sourceTree = "<group>"; };
		632622EE1E7D9A630051ABE2 /* ChipmunkHelpers.cpp */ = {isa = PBXFileReference; fileEncoding = 4; lastKnownFileType = sourcecode.cpp.cpp; path = ChipmunkHelpers.cpp; sourceTree = "<group>"; };
		632622EF1E7D9A630051ABE2 /* ChipmunkHelpers.hpp */ = {isa = PBXFileReference; fileEncoding = 4; lastKnownFileType = sourcecode.cpp.h; path = ChipmunkHelpers.hpp; sourceTree = "<group>"; };
		632622F01E7D9A630051ABE2 /* Core.hpp */ = {isa = PBXFileReference; fileEncoding = 4; lastKnownFileType = sourcecode.cpp.h; path = Core.hpp; sourceTree = "<group>"; };
		632622F21E7D9A630051ABE2 /* Exception.hpp */ = {isa = PBXFileReference; fileEncoding = 4; lastKnownFileType = sourcecode.cpp.h; path = Exception.hpp; sourceTree = "<group>"; };
		632622F31E7D9A630051ABE2 /* InputDispatcher.cpp */ = {isa = PBXFileReference; fileEncoding = 4; lastKnownFileType = sourcecode.cpp.cpp; path = InputDispatcher.cpp; sourceTree = "<group>"; };
		632622F41E7D9A630051ABE2 /* InputDispatcher.hpp */ = {isa = PBXFileReference; fileEncoding = 4; lastKnownFileType = sourcecode.cpp.h; path = InputDispatcher.hpp; sourceTree = "<group>"; };
		632622F51E7D9A630051ABE2 /* LineSegment.hpp */ = {isa = PBXFileReference; fileEncoding = 4; lastKnownFileType = sourcecode.cpp.h; path = LineSegment.hpp; sourceTree = "<group>"; };
		632622F61E7D9A630051ABE2 /* MathHelpers.hpp */ = {isa = PBXFileReference; fileEncoding = 4; lastKnownFileType = sourcecode.cpp.h; path = MathHelpers.hpp; sourceTree = "<group>"; };
		632622F71E7D9A630051ABE2 /* RenderState.hpp */ = {isa = PBXFileReference; fileEncoding = 4; lastKnownFileType = sourcecode.cpp.h; path = RenderState.hpp; sourceTree = "<group>"; };
		632622F81E7D9A630051ABE2 /* Scenario.cpp */ = {isa = PBXFileReference; fileEncoding = 4; lastKnownFileType = sourcecode.cpp.cpp; path = Scenario.cpp; sourceTree = "<group>"; };
		632622F91E7D9A630051ABE2 /* Scenario.hpp */ = {isa = PBXFileReference; fileEncoding = 4; lastKnownFileType = sourcecode.cpp.h; path = Scenario.hpp; sourceTree = "<group>"; };
		632622FA1E7D9A630051ABE2 /* Signals.hpp */ = {isa = PBXFileReference; fileEncoding = 4; lastKnownFileType = sourcecode.cpp.h; path = Signals.hpp; sourceTree = "<group>"; };
		632622FB1E7D9A630051ABE2 /* SpatialIndex.hpp */ = {isa = PBXFileReference; fileEncoding = 4; lastKnownFileType = sourcecode.cpp.h; path = SpatialIndex.hpp; sourceTree = "<group>"; };
		632622FC1E7D9A630051ABE2 /* StopWatch.hpp */ = {isa = PBXFileReference; fileEncoding = 4; lastKnownFileType = sourcecode.cpp.h; path = StopWatch.hpp; sourceTree = "<group>"; };
		632622FD1E7D9A630051ABE2 /* Strings.hpp */ = {isa = PBXFileReference; fileEncoding = 4; lastKnownFileType = sourcecode.cpp.h; path = Strings.hpp; sourceTree = "<group>"; };
		632622FE1E7D9A630051ABE2 /* TimeState.hpp */ = {isa = PBXFileReference; fileEncoding = 4; lastKnownFileType = sourcecode.cpp.h; path = TimeState.hpp; sourceTree = "<group>"; };
		632622FF1E7D9A630051ABE2 /* Viewport.cpp */ = {isa = PBXFileReference; fileEncoding = 4; lastKnownFileType = sourcecode.cpp.cpp; path = Viewport.cpp; sourceTree = "<group>"; };
		632623001E7D9A630051ABE2 /* Viewport.hpp */ = {isa = PBXFileReference; fileEncoding = 4; lastKnownFileType = sourcecode.cpp.h; path = Viewport.hpp; sourceTree = "<group>"; };
		632623011E7D9A630051ABE2 /* ViewportController.cpp */ = {isa = PBXFileReference; fileEncoding = 4; lastKnownFileType = sourcecode.cpp.cpp; path = ViewportController.cpp; sourceTree = "<group>"; };
		632623021E7D9A630051ABE2 /* ViewportController.hpp */ = {isa = PBXFileReference; fileEncoding = 4; lastKnownFileType = sourcecode.cpp.h; path = ViewportController.hpp; sourceTree = "<group>"; };
		632623041E7D9A630051ABE2 /* GameApp.cpp */ = {isa = PBXFileReference; fileEncoding = 4; lastKnownFileType = sourcecode.cpp.cpp; path = GameApp.cpp; sourceTree = "<group>"; };
		632623051E7D9A630051ABE2 /* GameApp.hpp */ = {isa = PBXFileReference; fileEncoding = 4; lastKnownFileType = sourcecode.cpp.h; path = GameApp.hpp; sourceTree = "<group>"; };
		632623081E7D9A630051ABE2 /* main.cpp */ = {isa = PBXFileReference; fileEncoding = 4; lastKnownFileType = sourcecode.cpp.cpp; path = main.cpp; sourceTree = "<group>"; };
		6326230E1E7D9A630051ABE2 /* TerrainTestScenario.cpp */ = {isa = PBXFileReference; fileEncoding = 4; lastKnownFileType = sourcecode.cpp.cpp; path = TerrainTestScenario.cpp; sourceTree = "<group>"; };
		6326230F1E7D9A630051ABE2 /* TerrainTestScenario.hpp */ = {isa = PBXFileReference; fileEncoding = 4; lastKnownFileType = sourcecode.cpp.h; path = TerrainTestScenario.hpp; sourceTree = "<group>"; };
		632623121E7D9A630051ABE2 /* ContourSimplification.hpp */ = {isa = PBXFileReference; fileEncoding = 4; lastKnownFileType = sourcecode.cpp.h; path = ContourSimplification.hpp; sourceTree = "<group>"; };
		632623131E7D9A630051ABE2 /* SvgParsing.cpp */ = {isa = PBXFileReference; fileEncoding = 4; lastKnownFileType = sourcecode.cpp.cpp; path = SvgParsing.cpp; sourceTree = "<group>"; };
		632623141E7D9A630051ABE2 /* SvgParsing.hpp */ = {isa = PBXFileReference; fileEncoding = 4; lastKnownFileType = sourcecode.cpp.h; path = SvgParsing.hpp; sourceTree = "<group>"; };
		63711E9D1E8DE4410086332B /* TerrainWorld.cpp */ = {isa = PBXFileReference; fileEncoding = 4; lastKnownFileType = sourcecode.cpp.cpp; path = TerrainWorld.cpp; sourceTree = "<group>"; };
		63711E9E1E8DE4410086332B /* TerrainWorld.hpp */ = {isa = PBXFileReference; fileEncoding = 4; lastKnownFileType = sourcecode.cpp.h; path = TerrainWorld.hpp; sourceTree = "<group>"; };
		63711EA01E8DE4900086332B /* Terrain.cpp */ = {isa = PBXFileReference; fileEncoding = 4; lastKnownFileType = sourcecode.cpp.cpp; path = Terrain.cpp; sourceTree = "<group>"; };
		63711EA11E8DE4900086332B /* Terrain.hpp */ = {isa = PBXFileReference; fileEncoding = 4; lastKnownFileType = sourcecode.cpp.h; path = Terrain.hpp; sourceTree = "<group>"; };
		63711EA31E8DE8CD0086332B /* TerrainDetail.hpp */ = {isa = PBXFileReference; lastKnownFileType = sourcecode.cpp.h; path = TerrainDetail.hpp; sourceTree = "<group>"; };
		639168A61E93E21A007FD4FA /* BlendMode.hpp */ = {isa = PBXFileReference; lastKnownFileType = sourcecode.cpp.h; path = BlendMode.hpp; sourceTree = "<group>"; };
		639168A71E93E289007FD4FA /* BlendMode.cpp */ = {isa = PBXFileReference; fileEncoding = 4; lastKnownFileType = sourcecode.cpp.cpp; path = BlendMode.cpp; sourceTree = "<group>"; };
		639168AC1E952680007FD4FA /* Svg.cpp */ = {isa = PBXFileReference; fileEncoding = 4; lastKnownFileType = sourcecode.cpp.cpp; path = Svg.cpp; sourceTree = "<group>"; };
		639168AD1E952680007FD4FA /* Svg.hpp */ = {isa = PBXFileReference; fileEncoding = 4; lastKnownFileType = sourcecode.cpp.h; path = Svg.hpp; sourceTree = "<group>"; };
		639168AF1E96832A007FD4FA /* SvgTestScenario.cpp */ = {isa = PBXFileReference; fileEncoding = 4; lastKnownFileType = sourcecode.cpp.cpp; path = SvgTestScenario.cpp; sourceTree = "<group>"; };
		639168B01E96832A007FD4FA /* SvgTestScenario.hpp */ = {isa = PBXFileReference; fileEncoding = 4; lastKnownFileType = sourcecode.cpp.h; path = SvgTestScenario.hpp; sourceTree = "<group>"; };
		639DBF5E1E33EA840008D5BF /* NOTES.md */ = {isa = PBXFileReference; fileEncoding = 4; lastKnownFileType = net.daringfireball.markdown; name = NOTES.md; path = ../NOTES.md; sourceTree = "<group>"; };
		63BFD8141E89565600D821E4 /* GameObject.cpp */ = {isa = PBXFileReference; fileEncoding = 4; lastKnownFileType = sourcecode.cpp.cpp; path = GameObject.cpp; sourceTree = "<group>"; };
		63BFD8151E89565600D821E4 /* GameObject.hpp */ = {isa = PBXFileReference; fileEncoding = 4; lastKnownFileType = sourcecode.cpp.h; path = GameObject.hpp; sourceTree = "<group>"; };
		63BFD8171E895D6900D821E4 /* Common.hpp */ = {isa = PBXFileReference; lastKnownFileType = sourcecode.cpp.h; path = Common.hpp; sourceTree = "<group>"; };
		63BFD8181E89ED2A00D821E4 /* Level.cpp */ = {isa = PBXFileReference; fileEncoding = 4; lastKnownFileType = sourcecode.cpp.cpp; path = Level.cpp; sourceTree = "<group>"; };
		63BFD8191E89ED2A00D821E4 /* Level.hpp */ = {isa = PBXFileReference; fileEncoding = 4; lastKnownFileType = sourcecode.cpp.h; path = Level.hpp; sourceTree = "<group>"; };
		8D1107320486CEB800E47090 /* Surfacer.app */ = {isa = PBXFileReference; explicitFileType = wrapper.application; includeInIndex = 0; path = Surfacer.app; sourceTree = BUILT_PRODUCTS_DIR; };
		B91D377257F74A9D8692D6AD /* Resources.h */ = {isa = PBXFileReference; lastKnownFileType = sourcecode.c.h; name = Resources.h; path = ../include/Resources.h; sourceTree = "<group>"; };
/* End PBXFileReference section */

/* Begin PBXFrameworksBuildPhase section */
		8D11072E0486CEB800E47090 /* Frameworks */ = {
			isa = PBXFrameworksBuildPhase;
			buildActionMask = 2147483647;
			files = (
				006D720419952D00008149E2 /* AVFoundation.framework in Frameworks */,
				006D720519952D00008149E2 /* CoreMedia.framework in Frameworks */,
				8D11072F0486CEB800E47090 /* Cocoa.framework in Frameworks */,
				0091D8F90E81B9330029341E /* OpenGL.framework in Frameworks */,
				5323E6B20EAFCA74003A9687 /* CoreVideo.framework in Frameworks */,
				00B784B30FF439BC000DE1D7 /* Accelerate.framework in Frameworks */,
				00B784B40FF439BC000DE1D7 /* AudioToolbox.framework in Frameworks */,
				00B784B50FF439BC000DE1D7 /* AudioUnit.framework in Frameworks */,
				00B784B60FF439BC000DE1D7 /* CoreAudio.framework in Frameworks */,
				00B9955A1B128DF400A5C623 /* IOKit.framework in Frameworks */,
				00B9955B1B128DF400A5C623 /* IOSurface.framework in Frameworks */,
			);
			runOnlyForDeploymentPostprocessing = 0;
		};
/* End PBXFrameworksBuildPhase section */

/* Begin PBXGroup section */
		1058C7A0FEA54F0111CA2CBB /* Linked Frameworks */ = {
			isa = PBXGroup;
			children = (
				006D720219952D00008149E2 /* AVFoundation.framework */,
				006D720319952D00008149E2 /* CoreMedia.framework */,
				00B784AF0FF439BC000DE1D7 /* Accelerate.framework */,
				00B784B00FF439BC000DE1D7 /* AudioToolbox.framework */,
				00B784B10FF439BC000DE1D7 /* AudioUnit.framework */,
				00B784B20FF439BC000DE1D7 /* CoreAudio.framework */,
				5323E6B10EAFCA74003A9687 /* CoreVideo.framework */,
				0091D8F80E81B9330029341E /* OpenGL.framework */,
				1058C7A1FEA54F0111CA2CBB /* Cocoa.framework */,
				00B995581B128DF400A5C623 /* IOKit.framework */,
				00B995591B128DF400A5C623 /* IOSurface.framework */,
			);
			name = "Linked Frameworks";
			sourceTree = "<group>";
		};
		1058C7A2FEA54F0111CA2CBB /* Other Frameworks */ = {
			isa = PBXGroup;
			children = (
				29B97324FDCFA39411CA2CEA /* AppKit.framework */,
				29B97325FDCFA39411CA2CEA /* Foundation.framework */,
			);
			name = "Other Frameworks";
			sourceTree = "<group>";
		};
		19C28FACFE9D520D11CA2CBB /* Products */ = {
			isa = PBXGroup;
			children = (
				8D1107320486CEB800E47090 /* Surfacer.app */,
			);
			name = Products;
			sourceTree = "<group>";
		};
		29B97314FDCFA39411CA2CEA /* Surfacer */ = {
			isa = PBXGroup;
			children = (
				639DBF5E1E33EA840008D5BF /* NOTES.md */,
				632622EC1E7D9A630051ABE2 /* src */,
				29B97315FDCFA39411CA2CEA /* Headers */,
				29B97317FDCFA39411CA2CEA /* Resources */,
				29B97323FDCFA39411CA2CEA /* Frameworks */,
				19C28FACFE9D520D11CA2CBB /* Products */,
			);
			name = Surfacer;
			sourceTree = "<group>";
		};
		29B97315FDCFA39411CA2CEA /* Headers */ = {
			isa = PBXGroup;
			children = (
				B91D377257F74A9D8692D6AD /* Resources.h */,
				01E2273C0BCD4F049AA16679 /* Surfacer_Prefix.pch */,
			);
			name = Headers;
			sourceTree = "<group>";
		};
		29B97317FDCFA39411CA2CEA /* Resources */ = {
			isa = PBXGroup;
			children = (
				25DBEB1187074B2580185053 /* CinderApp.icns */,
				0106167B3AC444DC89159381 /* Info.plist */,
			);
			name = Resources;
			sourceTree = "<group>";
		};
		29B97323FDCFA39411CA2CEA /* Frameworks */ = {
			isa = PBXGroup;
			children = (
				1058C7A0FEA54F0111CA2CBB /* Linked Frameworks */,
				1058C7A2FEA54F0111CA2CBB /* Other Frameworks */,
			);
			name = Frameworks;
			sourceTree = "<group>";
		};
		632622EC1E7D9A630051ABE2 /* src */ = {
			isa = PBXGroup;
			children = (
				632622ED1E7D9A630051ABE2 /* core */,
				632623031E7D9A630051ABE2 /* game */,
				632623081E7D9A630051ABE2 /* main.cpp */,
				632623091E7D9A630051ABE2 /* scenarios */,
				632623101E7D9A630051ABE2 /* util */,
			);
			name = src;
			path = ../src;
			sourceTree = "<group>";
		};
		632622ED1E7D9A630051ABE2 /* core */ = {
			isa = PBXGroup;
			children = (
				632622EE1E7D9A630051ABE2 /* ChipmunkHelpers.cpp */,
				632622EF1E7D9A630051ABE2 /* ChipmunkHelpers.hpp */,
				63BFD8171E895D6900D821E4 /* Common.hpp */,
				632622F01E7D9A630051ABE2 /* Core.hpp */,
				632622F21E7D9A630051ABE2 /* Exception.hpp */,
				63BFD8141E89565600D821E4 /* GameObject.cpp */,
				63BFD8151E89565600D821E4 /* GameObject.hpp */,
				632622F31E7D9A630051ABE2 /* InputDispatcher.cpp */,
				632622F41E7D9A630051ABE2 /* InputDispatcher.hpp */,
				632622F51E7D9A630051ABE2 /* LineSegment.hpp */,
				632622F61E7D9A630051ABE2 /* MathHelpers.hpp */,
				632622F71E7D9A630051ABE2 /* RenderState.hpp */,
				632622F81E7D9A630051ABE2 /* Scenario.cpp */,
				632622F91E7D9A630051ABE2 /* Scenario.hpp */,
				632622FA1E7D9A630051ABE2 /* Signals.hpp */,
				632622FB1E7D9A630051ABE2 /* SpatialIndex.hpp */,
				632622FC1E7D9A630051ABE2 /* StopWatch.hpp */,
				632622FD1E7D9A630051ABE2 /* Strings.hpp */,
				632622FE1E7D9A630051ABE2 /* TimeState.hpp */,
				632622FF1E7D9A630051ABE2 /* Viewport.cpp */,
				632623001E7D9A630051ABE2 /* Viewport.hpp */,
				632623011E7D9A630051ABE2 /* ViewportController.cpp */,
				632623021E7D9A630051ABE2 /* ViewportController.hpp */,
				63BFD8181E89ED2A00D821E4 /* Level.cpp */,
				63BFD8191E89ED2A00D821E4 /* Level.hpp */,
				639168A61E93E21A007FD4FA /* BlendMode.hpp */,
				639168A71E93E289007FD4FA /* BlendMode.cpp */,
			);
			path = core;
			sourceTree = "<group>";
		};
		632623031E7D9A630051ABE2 /* game */ = {
			isa = PBXGroup;
			children = (
				63711E9C1E8DE4410086332B /* Terrain */,
				632623041E7D9A630051ABE2 /* GameApp.cpp */,
				632623051E7D9A630051ABE2 /* GameApp.hpp */,
				6320641F1E9FB84F00C84686 /* GameLevel.cpp */,
				632064201E9FB84F00C84686 /* GameLevel.hpp */,
			);
			path = game;
			sourceTree = "<group>";
		};
		632623091E7D9A630051ABE2 /* scenarios */ = {
			isa = PBXGroup;
			children = (
				6326230E1E7D9A630051ABE2 /* TerrainTestScenario.cpp */,
				6326230F1E7D9A630051ABE2 /* TerrainTestScenario.hpp */,
				63254AEA1E8ABD6800AFED94 /* LevelTestScenario.cpp */,
				63254AEB1E8ABD6800AFED94 /* LevelTestScenario.hpp */,
				639168AF1E96832A007FD4FA /* SvgTestScenario.cpp */,
				639168B01E96832A007FD4FA /* SvgTestScenario.hpp */,
				632064221EA05BB400C84686 /* GameLevelTestScenario.cpp */,
				632064231EA05BB400C84686 /* GameLevelTestScenario.hpp */,
			);
			path = scenarios;
			sourceTree = "<group>";
		};
		632623101E7D9A630051ABE2 /* util */ = {
			isa = PBXGroup;
			children = (
				639168AC1E952680007FD4FA /* Svg.cpp */,
				639168AD1E952680007FD4FA /* Svg.hpp */,
				632623121E7D9A630051ABE2 /* ContourSimplification.hpp */,
				632623131E7D9A630051ABE2 /* SvgParsing.cpp */,
				632623141E7D9A630051ABE2 /* SvgParsing.hpp */,
			);
			path = util;
			sourceTree = "<group>";
		};
		63711E9C1E8DE4410086332B /* Terrain */ = {
			isa = PBXGroup;
			children = (
				63711EA01E8DE4900086332B /* Terrain.cpp */,
				63711EA11E8DE4900086332B /* Terrain.hpp */,
				63711EA31E8DE8CD0086332B /* TerrainDetail.hpp */,
				63711E9D1E8DE4410086332B /* TerrainWorld.cpp */,
				63711E9E1E8DE4410086332B /* TerrainWorld.hpp */,
			);
			path = Terrain;
			sourceTree = "<group>";
		};
/* End PBXGroup section */

/* Begin PBXNativeTarget section */
		8D1107260486CEB800E47090 /* Surfacer */ = {
			isa = PBXNativeTarget;
			buildConfigurationList = C01FCF4A08A954540054247B /* Build configuration list for PBXNativeTarget "Surfacer" */;
			buildPhases = (
				8D1107290486CEB800E47090 /* Resources */,
				8D11072C0486CEB800E47090 /* Sources */,
				8D11072E0486CEB800E47090 /* Frameworks */,
			);
			buildRules = (
			);
			dependencies = (
			);
			name = Surfacer;
			productInstallPath = "$(HOME)/Applications";
			productName = Surfacer;
			productReference = 8D1107320486CEB800E47090 /* Surfacer.app */;
			productType = "com.apple.product-type.application";
		};
/* End PBXNativeTarget section */

/* Begin PBXProject section */
		29B97313FDCFA39411CA2CEA /* Project object */ = {
			isa = PBXProject;
			attributes = {
				LastUpgradeCheck = 0820;
			};
			buildConfigurationList = C01FCF4E08A954540054247B /* Build configuration list for PBXProject "Surfacer" */;
			compatibilityVersion = "Xcode 3.2";
			developmentRegion = English;
			hasScannedForEncodings = 1;
			knownRegions = (
				English,
				Japanese,
				French,
				German,
			);
			mainGroup = 29B97314FDCFA39411CA2CEA /* Surfacer */;
			projectDirPath = "";
			projectRoot = "";
			targets = (
				8D1107260486CEB800E47090 /* Surfacer */,
			);
		};
/* End PBXProject section */

/* Begin PBXResourcesBuildPhase section */
		8D1107290486CEB800E47090 /* Resources */ = {
			isa = PBXResourcesBuildPhase;
			buildActionMask = 2147483647;
			files = (
				C268CB28315B4D8CA1F329A4 /* CinderApp.icns in Resources */,
			);
			runOnlyForDeploymentPostprocessing = 0;
		};
/* End PBXResourcesBuildPhase section */

/* Begin PBXSourcesBuildPhase section */
		8D11072C0486CEB800E47090 /* Sources */ = {
			isa = PBXSourcesBuildPhase;
			buildActionMask = 2147483647;
			files = (
				632064211E9FB84F00C84686 /* GameLevel.cpp in Sources */,
				6326231A1E7D9A630051ABE2 /* ViewportController.cpp in Sources */,
				63711EA21E8DE4900086332B /* Terrain.cpp in Sources */,
				63254AEC1E8ABD6800AFED94 /* LevelTestScenario.cpp in Sources */,
				632623151E7D9A630051ABE2 /* ChipmunkHelpers.cpp in Sources */,
				63BFD8161E89565600D821E4 /* GameObject.cpp in Sources */,
				632623191E7D9A630051ABE2 /* Viewport.cpp in Sources */,
				632623171E7D9A630051ABE2 /* InputDispatcher.cpp in Sources */,
				632623221E7D9A630051ABE2 /* SvgParsing.cpp in Sources */,
				639168AE1E952680007FD4FA /* Svg.cpp in Sources */,
				632623181E7D9A630051ABE2 /* Scenario.cpp in Sources */,
				639168A81E93E289007FD4FA /* BlendMode.cpp in Sources */,
				63BFD81A1E89ED2A00D821E4 /* Level.cpp in Sources */,
				63711E9F1E8DE4410086332B /* TerrainWorld.cpp in Sources */,
				639168B11E96832A007FD4FA /* SvgTestScenario.cpp in Sources */,
				6326231D1E7D9A630051ABE2 /* main.cpp in Sources */,
				632623201E7D9A630051ABE2 /* TerrainTestScenario.cpp in Sources */,
				632064241EA05BB400C84686 /* GameLevelTestScenario.cpp in Sources */,
				6326231B1E7D9A630051ABE2 /* GameApp.cpp in Sources */,
			);
			runOnlyForDeploymentPostprocessing = 0;
		};
/* End PBXSourcesBuildPhase section */

/* Begin XCBuildConfiguration section */
		C01FCF4B08A954540054247B /* Debug */ = {
			isa = XCBuildConfiguration;
			buildSettings = {
				CHIPMUNK_PATH = "../../vendor/Chipmunk-7.0.1";
				COMBINE_HIDPI_IMAGES = YES;
				COPY_PHASE_STRIP = NO;
				DEAD_CODE_STRIPPING = YES;
				GCC_DYNAMIC_NO_PIC = NO;
				GCC_INLINES_ARE_PRIVATE_EXTERN = YES;
				GCC_OPTIMIZATION_LEVEL = 0;
				GCC_PRECOMPILE_PREFIX_HEADER = YES;
				GCC_PREFIX_HEADER = Surfacer_Prefix.pch;
				GCC_PREPROCESSOR_DEFINITIONS = (
					"DEBUG=1",
					"$(inherited)",
				);
				GCC_SYMBOLS_PRIVATE_EXTERN = NO;
				HEADER_SEARCH_PATHS = (
					"\"$(CINDER_PATH)/include\"",
					"$(CHIPMUNK_PATH)/include\"",
				);
				INFOPLIST_FILE = Info.plist;
				INSTALL_PATH = "$(HOME)/Applications";
				OTHER_LDFLAGS = (
					"\"$(CINDER_PATH)/lib/libcinder_d.a\"",
					"$(CHIPMUNK_PATH)/xcode/build/Debug/libChipmunk-Mac.a",
				);
				PRODUCT_BUNDLE_IDENTIFIER = "org.zakariya.${PRODUCT_NAME:rfc1034identifier}";
				PRODUCT_NAME = Surfacer;
				SYMROOT = ./build;
				USER_HEADER_SEARCH_PATHS = "\"$(CINDER_PATH)/include\" $(CHIPMUNK_PATH)/include\" ../include";
				WRAPPER_EXTENSION = app;
			};
			name = Debug;
		};
		C01FCF4C08A954540054247B /* Release */ = {
			isa = XCBuildConfiguration;
			buildSettings = {
				CHIPMUNK_PATH = "../../vendor/Chipmunk-7.0.1";
				COMBINE_HIDPI_IMAGES = YES;
				DEAD_CODE_STRIPPING = YES;
				DEBUG_INFORMATION_FORMAT = "dwarf-with-dsym";
				GCC_FAST_MATH = YES;
				GCC_GENERATE_DEBUGGING_SYMBOLS = NO;
				GCC_INLINES_ARE_PRIVATE_EXTERN = YES;
				GCC_OPTIMIZATION_LEVEL = 3;
				GCC_PRECOMPILE_PREFIX_HEADER = YES;
				GCC_PREFIX_HEADER = Surfacer_Prefix.pch;
				GCC_PREPROCESSOR_DEFINITIONS = (
					"NDEBUG=1",
					"$(inherited)",
				);
				GCC_SYMBOLS_PRIVATE_EXTERN = NO;
				HEADER_SEARCH_PATHS = (
					"\"$(CINDER_PATH)/include\"",
					"$(CHIPMUNK_PATH)/include\"",
				);
				INFOPLIST_FILE = Info.plist;
				INSTALL_PATH = "$(HOME)/Applications";
				OTHER_LDFLAGS = (
					"\"$(CINDER_PATH)/lib/libcinder.a\"",
					"$(CHIPMUNK_PATH)/xcode/build/Release/libChipmunk-Mac.a",
				);
				PRODUCT_BUNDLE_IDENTIFIER = "org.zakariya.${PRODUCT_NAME:rfc1034identifier}";
				PRODUCT_NAME = Surfacer;
				STRIP_INSTALLED_PRODUCT = YES;
				SYMROOT = ./build;
				USER_HEADER_SEARCH_PATHS = "\"$(CINDER_PATH)/include\" $(CHIPMUNK_PATH)/include\" ../include";
				WRAPPER_EXTENSION = app;
			};
			name = Release;
		};
		C01FCF4F08A954540054247B /* Debug */ = {
			isa = XCBuildConfiguration;
			buildSettings = {
				ALWAYS_SEARCH_USER_PATHS = NO;
				CINDER_PATH = ../../vendor/cinder_0.9.0_mac;
				CLANG_ANALYZER_LOCALIZABILITY_NONLOCALIZED = YES;
				CLANG_CXX_LANGUAGE_STANDARD = "c++11";
				CLANG_CXX_LIBRARY = "libc++";
				CLANG_WARN_BOOL_CONVERSION = YES;
				CLANG_WARN_CONSTANT_CONVERSION = YES;
				CLANG_WARN_EMPTY_BODY = YES;
				CLANG_WARN_ENUM_CONVERSION = YES;
				CLANG_WARN_INFINITE_RECURSION = YES;
				CLANG_WARN_INT_CONVERSION = YES;
				CLANG_WARN_SUSPICIOUS_MOVE = YES;
				CLANG_WARN_UNREACHABLE_CODE = YES;
				CLANG_WARN__DUPLICATE_METHOD_MATCH = YES;
				ENABLE_STRICT_OBJC_MSGSEND = YES;
				ENABLE_TESTABILITY = YES;
				GCC_NO_COMMON_BLOCKS = YES;
				GCC_WARN_64_TO_32_BIT_CONVERSION = YES;
				GCC_WARN_ABOUT_RETURN_TYPE = YES;
				GCC_WARN_UNDECLARED_SELECTOR = YES;
				GCC_WARN_UNINITIALIZED_AUTOS = YES;
				GCC_WARN_UNUSED_FUNCTION = YES;
				GCC_WARN_UNUSED_VARIABLE = YES;
				HEADER_SEARCH_PATHS = "\"$(CINDER_PATH)/include\"";
				MACOSX_DEPLOYMENT_TARGET = 10.8;
				ONLY_ACTIVE_ARCH = YES;
				SDKROOT = macosx;
				USER_HEADER_SEARCH_PATHS = "\"$(CINDER_PATH)/include\" ../include";
			};
			name = Debug;
		};
		C01FCF5008A954540054247B /* Release */ = {
			isa = XCBuildConfiguration;
			buildSettings = {
				ALWAYS_SEARCH_USER_PATHS = NO;
				CINDER_PATH = ../../vendor/cinder_0.9.0_mac;
				CLANG_ANALYZER_LOCALIZABILITY_NONLOCALIZED = YES;
				CLANG_CXX_LANGUAGE_STANDARD = "c++11";
				CLANG_CXX_LIBRARY = "libc++";
				CLANG_WARN_BOOL_CONVERSION = YES;
				CLANG_WARN_CONSTANT_CONVERSION = YES;
				CLANG_WARN_EMPTY_BODY = YES;
				CLANG_WARN_ENUM_CONVERSION = YES;
				CLANG_WARN_INFINITE_RECURSION = YES;
				CLANG_WARN_INT_CONVERSION = YES;
				CLANG_WARN_SUSPICIOUS_MOVE = YES;
				CLANG_WARN_UNREACHABLE_CODE = YES;
				CLANG_WARN__DUPLICATE_METHOD_MATCH = YES;
				ENABLE_STRICT_OBJC_MSGSEND = YES;
				GCC_NO_COMMON_BLOCKS = YES;
				GCC_WARN_64_TO_32_BIT_CONVERSION = YES;
				GCC_WARN_ABOUT_RETURN_TYPE = YES;
				GCC_WARN_UNDECLARED_SELECTOR = YES;
				GCC_WARN_UNINITIALIZED_AUTOS = YES;
				GCC_WARN_UNUSED_FUNCTION = YES;
				GCC_WARN_UNUSED_VARIABLE = YES;
				HEADER_SEARCH_PATHS = "\"$(CINDER_PATH)/include\"";
				MACOSX_DEPLOYMENT_TARGET = 10.8;
				SDKROOT = macosx;
				USER_HEADER_SEARCH_PATHS = "\"$(CINDER_PATH)/include\" ../include";
			};
			name = Release;
		};
/* End XCBuildConfiguration section */

/* Begin XCConfigurationList section */
		C01FCF4A08A954540054247B /* Build configuration list for PBXNativeTarget "Surfacer" */ = {
			isa = XCConfigurationList;
			buildConfigurations = (
				C01FCF4B08A954540054247B /* Debug */,
				C01FCF4C08A954540054247B /* Release */,
			);
			defaultConfigurationIsVisible = 0;
			defaultConfigurationName = Release;
		};
		C01FCF4E08A954540054247B /* Build configuration list for PBXProject "Surfacer" */ = {
			isa = XCConfigurationList;
			buildConfigurations = (
				C01FCF4F08A954540054247B /* Debug */,
				C01FCF5008A954540054247B /* Release */,
			);
			defaultConfigurationIsVisible = 0;
			defaultConfigurationName = Release;
		};
/* End XCConfigurationList section */
	};
	rootObject = 29B97313FDCFA39411CA2CEA /* Project object */;
}
